// !$*UTF8*$!
{
	archiveVersion = 1;
	classes = {
	};
	objectVersion = 46;
	objects = {

/* Begin PBXAggregateTarget section */
		24416B8111C4CA220047AFDD /* Build & Test */ = {
			isa = PBXAggregateTarget;
			buildConfigurationList = 24416B8A11C4CA520047AFDD /* Build configuration list for PBXAggregateTarget "Build & Test" */;
			buildPhases = (
				24416B8011C4CA220047AFDD /* ShellScript */,
			);
			dependencies = (
				24416B8511C4CA280047AFDD /* PBXTargetDependency */,
			);
			name = "Build & Test";
			productName = "Build & test";
		};
/* End PBXAggregateTarget section */

/* Begin PBXBuildFile section */
		24DD6CF91134B3F500162E58 /* ComUrbanairshipModule.h in Headers */ = {isa = PBXBuildFile; fileRef = 24DD6CF71134B3F500162E58 /* ComUrbanairshipModule.h */; };
		24DD6CFA1134B3F500162E58 /* ComUrbanairshipModule.m in Sources */ = {isa = PBXBuildFile; fileRef = 24DD6CF81134B3F500162E58 /* ComUrbanairshipModule.m */; };
		24DE9E1111C5FE74003F90F6 /* ComUrbanairshipModuleAssets.h in Headers */ = {isa = PBXBuildFile; fileRef = 24DE9E0F11C5FE74003F90F6 /* ComUrbanairshipModuleAssets.h */; };
		24DE9E1211C5FE74003F90F6 /* ComUrbanairshipModuleAssets.m in Sources */ = {isa = PBXBuildFile; fileRef = 24DE9E1011C5FE74003F90F6 /* ComUrbanairshipModuleAssets.m */; };
		3DB548101F2A680D009E7EF4 /* libUAirship-8.5.0.a in Frameworks */ = {isa = PBXBuildFile; fileRef = 3DB5480F1F2A680D009E7EF4 /* libUAirship-8.5.0.a */; };
		3DB548131F2A6829009E7EF4 /* ComUrbanairshipDeeplink.h in Headers */ = {isa = PBXBuildFile; fileRef = 3DB548111F2A6829009E7EF4 /* ComUrbanairshipDeeplink.h */; };
		3DB548141F2A6829009E7EF4 /* ComUrbanairshipDeeplink.m in Sources */ = {isa = PBXBuildFile; fileRef = 3DB548121F2A6829009E7EF4 /* ComUrbanairshipDeeplink.m */; };
		765210381DF8DF67002B5868 /* AirshipLib.h in Headers */ = {isa = PBXBuildFile; fileRef = 76520FD71DF8DF67002B5868 /* AirshipLib.h */; };
		765210391DF8DF67002B5868 /* NSJSONSerialization+UAAdditions.h in Headers */ = {isa = PBXBuildFile; fileRef = 76520FD81DF8DF67002B5868 /* NSJSONSerialization+UAAdditions.h */; };
		7652103A1DF8DF67002B5868 /* NSManagedObjectContext+UAAdditions.h in Headers */ = {isa = PBXBuildFile; fileRef = 76520FD91DF8DF67002B5868 /* NSManagedObjectContext+UAAdditions.h */; };
		7652103B1DF8DF67002B5868 /* NSOperationQueue+UAAdditions.h in Headers */ = {isa = PBXBuildFile; fileRef = 76520FDA1DF8DF67002B5868 /* NSOperationQueue+UAAdditions.h */; };
		7652103C1DF8DF67002B5868 /* NSString+UALocalizationAdditions.h in Headers */ = {isa = PBXBuildFile; fileRef = 76520FDB1DF8DF67002B5868 /* NSString+UALocalizationAdditions.h */; };
		7652103D1DF8DF67002B5868 /* NSString+UAURLEncoding.h in Headers */ = {isa = PBXBuildFile; fileRef = 76520FDC1DF8DF67002B5868 /* NSString+UAURLEncoding.h */; };
		7652103E1DF8DF67002B5868 /* UA_Base64.h in Headers */ = {isa = PBXBuildFile; fileRef = 76520FDD1DF8DF67002B5868 /* UA_Base64.h */; };
		7652103F1DF8DF67002B5868 /* UAAccountEventTemplate.h in Headers */ = {isa = PBXBuildFile; fileRef = 76520FDE1DF8DF67002B5868 /* UAAccountEventTemplate.h */; };
		765210401DF8DF67002B5868 /* UAAction.h in Headers */ = {isa = PBXBuildFile; fileRef = 76520FDF1DF8DF67002B5868 /* UAAction.h */; };
		765210411DF8DF67002B5868 /* UAAction+Operators.h in Headers */ = {isa = PBXBuildFile; fileRef = 76520FE01DF8DF67002B5868 /* UAAction+Operators.h */; };
		765210421DF8DF67002B5868 /* UAActionArguments.h in Headers */ = {isa = PBXBuildFile; fileRef = 76520FE11DF8DF67002B5868 /* UAActionArguments.h */; };
		765210431DF8DF67002B5868 /* UAActionJSDelegate.h in Headers */ = {isa = PBXBuildFile; fileRef = 76520FE21DF8DF67002B5868 /* UAActionJSDelegate.h */; };
		765210441DF8DF67002B5868 /* UAActionRegistry.h in Headers */ = {isa = PBXBuildFile; fileRef = 76520FE31DF8DF67002B5868 /* UAActionRegistry.h */; };
		765210451DF8DF67002B5868 /* UAActionRegistryEntry.h in Headers */ = {isa = PBXBuildFile; fileRef = 76520FE41DF8DF67002B5868 /* UAActionRegistryEntry.h */; };
		765210461DF8DF67002B5868 /* UAActionResult.h in Headers */ = {isa = PBXBuildFile; fileRef = 76520FE51DF8DF67002B5868 /* UAActionResult.h */; };
		765210471DF8DF67002B5868 /* UAActionRunner.h in Headers */ = {isa = PBXBuildFile; fileRef = 76520FE61DF8DF67002B5868 /* UAActionRunner.h */; };
		765210481DF8DF67002B5868 /* UAActionSchedule.h in Headers */ = {isa = PBXBuildFile; fileRef = 76520FE71DF8DF67002B5868 /* UAActionSchedule.h */; };
		765210491DF8DF67002B5868 /* UAActionScheduleInfo.h in Headers */ = {isa = PBXBuildFile; fileRef = 76520FE81DF8DF67002B5868 /* UAActionScheduleInfo.h */; };
		7652104A1DF8DF67002B5868 /* UAActivityViewController.h in Headers */ = {isa = PBXBuildFile; fileRef = 76520FE91DF8DF67002B5868 /* UAActivityViewController.h */; };
		7652104B1DF8DF67002B5868 /* UAAddCustomEventAction.h in Headers */ = {isa = PBXBuildFile; fileRef = 76520FEA1DF8DF67002B5868 /* UAAddCustomEventAction.h */; };
		7652104C1DF8DF67002B5868 /* UAAddTagsAction.h in Headers */ = {isa = PBXBuildFile; fileRef = 76520FEB1DF8DF67002B5868 /* UAAddTagsAction.h */; };
		7652104D1DF8DF67002B5868 /* UAAggregateActionResult.h in Headers */ = {isa = PBXBuildFile; fileRef = 76520FEC1DF8DF67002B5868 /* UAAggregateActionResult.h */; };
		7652104E1DF8DF67002B5868 /* UAAnalytics.h in Headers */ = {isa = PBXBuildFile; fileRef = 76520FED1DF8DF67002B5868 /* UAAnalytics.h */; };
		7652104F1DF8DF67002B5868 /* UAAppIntegration.h in Headers */ = {isa = PBXBuildFile; fileRef = 76520FEE1DF8DF67002B5868 /* UAAppIntegration.h */; };
		765210501DF8DF67002B5868 /* UAApplicationMetrics.h in Headers */ = {isa = PBXBuildFile; fileRef = 76520FEF1DF8DF67002B5868 /* UAApplicationMetrics.h */; };
		765210511DF8DF67002B5868 /* UAAssociatedIdentifiers.h in Headers */ = {isa = PBXBuildFile; fileRef = 76520FF01DF8DF67002B5868 /* UAAssociatedIdentifiers.h */; };
		765210521DF8DF67002B5868 /* UAAutomation.h in Headers */ = {isa = PBXBuildFile; fileRef = 76520FF11DF8DF67002B5868 /* UAAutomation.h */; };
		765210531DF8DF67002B5868 /* UABespokeCloseView.h in Headers */ = {isa = PBXBuildFile; fileRef = 76520FF21DF8DF67002B5868 /* UABespokeCloseView.h */; };
		765210541DF8DF67002B5868 /* UABeveledLoadingIndicator.h in Headers */ = {isa = PBXBuildFile; fileRef = 76520FF31DF8DF67002B5868 /* UABeveledLoadingIndicator.h */; };
		765210551DF8DF67002B5868 /* UACancelSchedulesAction.h in Headers */ = {isa = PBXBuildFile; fileRef = 76520FF41DF8DF67002B5868 /* UACancelSchedulesAction.h */; };
		765210561DF8DF67002B5868 /* UAChannelCapture.h in Headers */ = {isa = PBXBuildFile; fileRef = 76520FF51DF8DF67002B5868 /* UAChannelCapture.h */; };
		765210571DF8DF67002B5868 /* UAChannelRegistrar.h in Headers */ = {isa = PBXBuildFile; fileRef = 76520FF61DF8DF67002B5868 /* UAChannelRegistrar.h */; };
		765210581DF8DF67002B5868 /* UACircularRegion.h in Headers */ = {isa = PBXBuildFile; fileRef = 76520FF71DF8DF67002B5868 /* UACircularRegion.h */; };
		765210591DF8DF67002B5868 /* UAConfig.h in Headers */ = {isa = PBXBuildFile; fileRef = 76520FF81DF8DF67002B5868 /* UAConfig.h */; };
		7652105A1DF8DF67002B5868 /* UACustomEvent.h in Headers */ = {isa = PBXBuildFile; fileRef = 76520FF91DF8DF67002B5868 /* UACustomEvent.h */; };
		7652105B1DF8DF67002B5868 /* UADefaultMessageCenter.h in Headers */ = {isa = PBXBuildFile; fileRef = 76520FFA1DF8DF67002B5868 /* UADefaultMessageCenter.h */; };
		7652105C1DF8DF67002B5868 /* UADefaultMessageCenterListCell.h in Headers */ = {isa = PBXBuildFile; fileRef = 76520FFB1DF8DF67002B5868 /* UADefaultMessageCenterListCell.h */; };
		7652105D1DF8DF67002B5868 /* UADefaultMessageCenterListViewController.h in Headers */ = {isa = PBXBuildFile; fileRef = 76520FFC1DF8DF67002B5868 /* UADefaultMessageCenterListViewController.h */; };
		7652105E1DF8DF67002B5868 /* UADefaultMessageCenterMessageViewController.h in Headers */ = {isa = PBXBuildFile; fileRef = 76520FFD1DF8DF67002B5868 /* UADefaultMessageCenterMessageViewController.h */; };
		7652105F1DF8DF67002B5868 /* UADefaultMessageCenterSplitViewController.h in Headers */ = {isa = PBXBuildFile; fileRef = 76520FFE1DF8DF67002B5868 /* UADefaultMessageCenterSplitViewController.h */; };
		765210601DF8DF67002B5868 /* UADefaultMessageCenterStyle.h in Headers */ = {isa = PBXBuildFile; fileRef = 76520FFF1DF8DF67002B5868 /* UADefaultMessageCenterStyle.h */; };
		765210611DF8DF67002B5868 /* UADisplayInboxAction.h in Headers */ = {isa = PBXBuildFile; fileRef = 765210001DF8DF67002B5868 /* UADisplayInboxAction.h */; };
		765210621DF8DF67002B5868 /* UADisposable.h in Headers */ = {isa = PBXBuildFile; fileRef = 765210011DF8DF67002B5868 /* UADisposable.h */; };
		765210631DF8DF67002B5868 /* UAEvent.h in Headers */ = {isa = PBXBuildFile; fileRef = 765210021DF8DF67002B5868 /* UAEvent.h */; };
		765210641DF8DF67002B5868 /* UAFetchDeviceInfoAction.h in Headers */ = {isa = PBXBuildFile; fileRef = 765210031DF8DF67002B5868 /* UAFetchDeviceInfoAction.h */; };
		765210651DF8DF67002B5868 /* UAGlobal.h in Headers */ = {isa = PBXBuildFile; fileRef = 765210041DF8DF67002B5868 /* UAGlobal.h */; };
		765210661DF8DF67002B5868 /* UAInAppMessage.h in Headers */ = {isa = PBXBuildFile; fileRef = 765210051DF8DF67002B5868 /* UAInAppMessage.h */; };
		765210671DF8DF67002B5868 /* UAInAppMessageButtonActionBinding.h in Headers */ = {isa = PBXBuildFile; fileRef = 765210061DF8DF67002B5868 /* UAInAppMessageButtonActionBinding.h */; };
		765210681DF8DF67002B5868 /* UAInAppMessageControllerDefaultDelegate.h in Headers */ = {isa = PBXBuildFile; fileRef = 765210071DF8DF67002B5868 /* UAInAppMessageControllerDefaultDelegate.h */; };
		765210691DF8DF67002B5868 /* UAInAppMessageControllerDelegate.h in Headers */ = {isa = PBXBuildFile; fileRef = 765210081DF8DF67002B5868 /* UAInAppMessageControllerDelegate.h */; };
		7652106A1DF8DF67002B5868 /* UAInAppMessageView.h in Headers */ = {isa = PBXBuildFile; fileRef = 765210091DF8DF67002B5868 /* UAInAppMessageView.h */; };
		7652106B1DF8DF67002B5868 /* UAInAppMessaging.h in Headers */ = {isa = PBXBuildFile; fileRef = 7652100A1DF8DF67002B5868 /* UAInAppMessaging.h */; };
		7652106C1DF8DF67002B5868 /* UAInbox.h in Headers */ = {isa = PBXBuildFile; fileRef = 7652100B1DF8DF67002B5868 /* UAInbox.h */; };
		7652106D1DF8DF67002B5868 /* UAInboxMessage.h in Headers */ = {isa = PBXBuildFile; fileRef = 7652100C1DF8DF67002B5868 /* UAInboxMessage.h */; };
		7652106E1DF8DF67002B5868 /* UAInboxMessageList.h in Headers */ = {isa = PBXBuildFile; fileRef = 7652100D1DF8DF67002B5868 /* UAInboxMessageList.h */; };
		7652106F1DF8DF67002B5868 /* UAInboxUtils.h in Headers */ = {isa = PBXBuildFile; fileRef = 7652100E1DF8DF67002B5868 /* UAInboxUtils.h */; };
		765210711DF8DF67002B5868 /* UAInstallAttributionEvent.h in Headers */ = {isa = PBXBuildFile; fileRef = 765210101DF8DF67002B5868 /* UAInstallAttributionEvent.h */; };
		765210721DF8DF67002B5868 /* UAirship.h in Headers */ = {isa = PBXBuildFile; fileRef = 765210111DF8DF67002B5868 /* UAirship.h */; };
		765210731DF8DF67002B5868 /* UAJavaScriptDelegate.h in Headers */ = {isa = PBXBuildFile; fileRef = 765210121DF8DF67002B5868 /* UAJavaScriptDelegate.h */; };
		765210741DF8DF67002B5868 /* UAJSONMatcher.h in Headers */ = {isa = PBXBuildFile; fileRef = 765210131DF8DF67002B5868 /* UAJSONMatcher.h */; };
		765210751DF8DF67002B5868 /* UAJSONPredicate.h in Headers */ = {isa = PBXBuildFile; fileRef = 765210141DF8DF67002B5868 /* UAJSONPredicate.h */; };
		765210761DF8DF67002B5868 /* UAJSONValueMatcher.h in Headers */ = {isa = PBXBuildFile; fileRef = 765210151DF8DF67002B5868 /* UAJSONValueMatcher.h */; };
		765210771DF8DF67002B5868 /* UALandingPageAction.h in Headers */ = {isa = PBXBuildFile; fileRef = 765210161DF8DF67002B5868 /* UALandingPageAction.h */; };
		765210781DF8DF67002B5868 /* UALandingPageOverlayController.h in Headers */ = {isa = PBXBuildFile; fileRef = 765210171DF8DF67002B5868 /* UALandingPageOverlayController.h */; };
		765210791DF8DF67002B5868 /* UALocation.h in Headers */ = {isa = PBXBuildFile; fileRef = 765210181DF8DF67002B5868 /* UALocation.h */; };
		7652107A1DF8DF67002B5868 /* UALocationEvent.h in Headers */ = {isa = PBXBuildFile; fileRef = 765210191DF8DF67002B5868 /* UALocationEvent.h */; };
		7652107B1DF8DF67002B5868 /* UAMediaEventTemplate.h in Headers */ = {isa = PBXBuildFile; fileRef = 7652101A1DF8DF67002B5868 /* UAMediaEventTemplate.h */; };
		7652107C1DF8DF67002B5868 /* UAMessageCenterDateUtils.h in Headers */ = {isa = PBXBuildFile; fileRef = 7652101B1DF8DF67002B5868 /* UAMessageCenterDateUtils.h */; };
		7652107D1DF8DF67002B5868 /* UAMessageCenterLocalization.h in Headers */ = {isa = PBXBuildFile; fileRef = 7652101C1DF8DF67002B5868 /* UAMessageCenterLocalization.h */; };
		7652107E1DF8DF67002B5868 /* UAModifyTagsAction.h in Headers */ = {isa = PBXBuildFile; fileRef = 7652101D1DF8DF67002B5868 /* UAModifyTagsAction.h */; };
		7652107F1DF8DF67002B5868 /* UANamedUser.h in Headers */ = {isa = PBXBuildFile; fileRef = 7652101E1DF8DF67002B5868 /* UANamedUser.h */; };
		765210801DF8DF67002B5868 /* UANotificationAction.h in Headers */ = {isa = PBXBuildFile; fileRef = 7652101F1DF8DF67002B5868 /* UANotificationAction.h */; };
		765210811DF8DF67002B5868 /* UANotificationCategories.h in Headers */ = {isa = PBXBuildFile; fileRef = 765210201DF8DF67002B5868 /* UANotificationCategories.h */; };
		765210821DF8DF67002B5868 /* UANotificationCategory.h in Headers */ = {isa = PBXBuildFile; fileRef = 765210211DF8DF67002B5868 /* UANotificationCategory.h */; };
		765210831DF8DF67002B5868 /* UANotificationContent.h in Headers */ = {isa = PBXBuildFile; fileRef = 765210221DF8DF67002B5868 /* UANotificationContent.h */; };
		765210841DF8DF67002B5868 /* UANotificationResponse.h in Headers */ = {isa = PBXBuildFile; fileRef = 765210231DF8DF67002B5868 /* UANotificationResponse.h */; };
		765210851DF8DF67002B5868 /* UAOpenExternalURLAction.h in Headers */ = {isa = PBXBuildFile; fileRef = 765210241DF8DF67002B5868 /* UAOpenExternalURLAction.h */; };
		765210861DF8DF67002B5868 /* UAOverlayInboxMessageAction.h in Headers */ = {isa = PBXBuildFile; fileRef = 765210251DF8DF67002B5868 /* UAOverlayInboxMessageAction.h */; };
		765210871DF8DF67002B5868 /* UAPasteboardAction.h in Headers */ = {isa = PBXBuildFile; fileRef = 765210261DF8DF67002B5868 /* UAPasteboardAction.h */; };
		765210891DF8DF67002B5868 /* UAProximityRegion.h in Headers */ = {isa = PBXBuildFile; fileRef = 765210281DF8DF67002B5868 /* UAProximityRegion.h */; };
		7652108A1DF8DF67002B5868 /* UAPush.h in Headers */ = {isa = PBXBuildFile; fileRef = 765210291DF8DF67002B5868 /* UAPush.h */; };
		7652108B1DF8DF67002B5868 /* UARegionEvent.h in Headers */ = {isa = PBXBuildFile; fileRef = 7652102A1DF8DF67002B5868 /* UARegionEvent.h */; };
		7652108C1DF8DF67002B5868 /* UARemoveTagsAction.h in Headers */ = {isa = PBXBuildFile; fileRef = 7652102B1DF8DF67002B5868 /* UARemoveTagsAction.h */; };
		7652108D1DF8DF67002B5868 /* UARetailEventTemplate.h in Headers */ = {isa = PBXBuildFile; fileRef = 7652102C1DF8DF67002B5868 /* UARetailEventTemplate.h */; };
		7652108E1DF8DF67002B5868 /* UARichContentWindow.h in Headers */ = {isa = PBXBuildFile; fileRef = 7652102D1DF8DF67002B5868 /* UARichContentWindow.h */; };
		7652108F1DF8DF67002B5868 /* UAScheduleAction.h in Headers */ = {isa = PBXBuildFile; fileRef = 7652102E1DF8DF67002B5868 /* UAScheduleAction.h */; };
		765210901DF8DF67002B5868 /* UAScheduleTrigger.h in Headers */ = {isa = PBXBuildFile; fileRef = 7652102F1DF8DF67002B5868 /* UAScheduleTrigger.h */; };
		765210911DF8DF67002B5868 /* UAShareAction.h in Headers */ = {isa = PBXBuildFile; fileRef = 765210301DF8DF67002B5868 /* UAShareAction.h */; };
		765210921DF8DF67002B5868 /* UAURLProtocol.h in Headers */ = {isa = PBXBuildFile; fileRef = 765210311DF8DF67002B5868 /* UAURLProtocol.h */; };
		765210931DF8DF67002B5868 /* UAUser.h in Headers */ = {isa = PBXBuildFile; fileRef = 765210321DF8DF67002B5868 /* UAUser.h */; };
		765210941DF8DF67002B5868 /* UAUtils.h in Headers */ = {isa = PBXBuildFile; fileRef = 765210331DF8DF67002B5868 /* UAUtils.h */; };
		765210951DF8DF67002B5868 /* UAWebViewCallData.h in Headers */ = {isa = PBXBuildFile; fileRef = 765210341DF8DF67002B5868 /* UAWebViewCallData.h */; };
		765210961DF8DF67002B5868 /* UAWebViewDelegate.h in Headers */ = {isa = PBXBuildFile; fileRef = 765210351DF8DF67002B5868 /* UAWebViewDelegate.h */; };
		765210971DF8DF67002B5868 /* UAWhitelist.h in Headers */ = {isa = PBXBuildFile; fileRef = 765210361DF8DF67002B5868 /* UAWhitelist.h */; };
		765210981DF8DF67002B5868 /* UIWebView+UAAdditions.h in Headers */ = {isa = PBXBuildFile; fileRef = 765210371DF8DF67002B5868 /* UIWebView+UAAdditions.h */; };
		AA747D9F0F9514B9006C5449 /* ComUrbanairship_Prefix.pch in Headers */ = {isa = PBXBuildFile; fileRef = AA747D9E0F9514B9006C5449 /* ComUrbanairship_Prefix.pch */; };
		AACBBE4A0F95108600F1A2B1 /* Foundation.framework in Frameworks */ = {isa = PBXBuildFile; fileRef = AACBBE490F95108600F1A2B1 /* Foundation.framework */; };
		CCDD0CAD1CC0424400467979 /* ComUrbanairshipAutopilot.h in Headers */ = {isa = PBXBuildFile; fileRef = CCDD0CAB1CC0424400467979 /* ComUrbanairshipAutopilot.h */; };
		CCDD0CAE1CC0424400467979 /* ComUrbanairshipAutopilot.m in Sources */ = {isa = PBXBuildFile; fileRef = CCDD0CAC1CC0424400467979 /* ComUrbanairshipAutopilot.m */; };
/* End PBXBuildFile section */

/* Begin PBXContainerItemProxy section */
		24416B8411C4CA280047AFDD /* PBXContainerItemProxy */ = {
			isa = PBXContainerItemProxy;
			containerPortal = 0867D690FE84028FC02AAC07 /* Project object */;
			proxyType = 1;
			remoteGlobalIDString = D2AAC07D0554694100DB518D;
			remoteInfo = UrbanAirship;
		};
/* End PBXContainerItemProxy section */

/* Begin PBXFileReference section */
		24DD6CF71134B3F500162E58 /* ComUrbanairshipModule.h */ = {isa = PBXFileReference; fileEncoding = 4; lastKnownFileType = sourcecode.c.h; name = ComUrbanairshipModule.h; path = Classes/ComUrbanairshipModule.h; sourceTree = "<group>"; };
		24DD6CF81134B3F500162E58 /* ComUrbanairshipModule.m */ = {isa = PBXFileReference; fileEncoding = 4; lastKnownFileType = sourcecode.c.objc; name = ComUrbanairshipModule.m; path = Classes/ComUrbanairshipModule.m; sourceTree = "<group>"; };
		24DD6D1B1134B66800162E58 /* titanium.xcconfig */ = {isa = PBXFileReference; fileEncoding = 4; lastKnownFileType = text.xcconfig; path = titanium.xcconfig; sourceTree = "<group>"; };
		24DE9E0F11C5FE74003F90F6 /* ComUrbanairshipModuleAssets.h */ = {isa = PBXFileReference; fileEncoding = 4; lastKnownFileType = sourcecode.c.h; name = ComUrbanairshipModuleAssets.h; path = Classes/ComUrbanairshipModuleAssets.h; sourceTree = "<group>"; };
		24DE9E1011C5FE74003F90F6 /* ComUrbanairshipModuleAssets.m */ = {isa = PBXFileReference; fileEncoding = 4; lastKnownFileType = sourcecode.c.objc; name = ComUrbanairshipModuleAssets.m; path = Classes/ComUrbanairshipModuleAssets.m; sourceTree = "<group>"; };
		3DB5480F1F2A680D009E7EF4 /* libUAirship-8.5.0.a */ = {isa = PBXFileReference; lastKnownFileType = archive.ar; path = "libUAirship-8.5.0.a"; sourceTree = "<group>"; };
		3DB548111F2A6829009E7EF4 /* ComUrbanairshipDeeplink.h */ = {isa = PBXFileReference; fileEncoding = 4; lastKnownFileType = sourcecode.c.h; name = ComUrbanairshipDeeplink.h; path = Classes/ComUrbanairshipDeeplink.h; sourceTree = "<group>"; };
		3DB548121F2A6829009E7EF4 /* ComUrbanairshipDeeplink.m */ = {isa = PBXFileReference; fileEncoding = 4; lastKnownFileType = sourcecode.c.objc; name = ComUrbanairshipDeeplink.m; path = Classes/ComUrbanairshipDeeplink.m; sourceTree = "<group>"; };
		76520FD71DF8DF67002B5868 /* AirshipLib.h */ = {isa = PBXFileReference; fileEncoding = 4; lastKnownFileType = sourcecode.c.h; name = AirshipLib.h; path = Headers/AirshipLib.h; sourceTree = "<group>"; };
		76520FD81DF8DF67002B5868 /* NSJSONSerialization+UAAdditions.h */ = {isa = PBXFileReference; fileEncoding = 4; lastKnownFileType = sourcecode.c.h; name = "NSJSONSerialization+UAAdditions.h"; path = "Headers/NSJSONSerialization+UAAdditions.h"; sourceTree = "<group>"; };
		76520FD91DF8DF67002B5868 /* NSManagedObjectContext+UAAdditions.h */ = {isa = PBXFileReference; fileEncoding = 4; lastKnownFileType = sourcecode.c.h; name = "NSManagedObjectContext+UAAdditions.h"; path = "Headers/NSManagedObjectContext+UAAdditions.h"; sourceTree = "<group>"; };
		76520FDA1DF8DF67002B5868 /* NSOperationQueue+UAAdditions.h */ = {isa = PBXFileReference; fileEncoding = 4; lastKnownFileType = sourcecode.c.h; name = "NSOperationQueue+UAAdditions.h"; path = "Headers/NSOperationQueue+UAAdditions.h"; sourceTree = "<group>"; };
		76520FDB1DF8DF67002B5868 /* NSString+UALocalizationAdditions.h */ = {isa = PBXFileReference; fileEncoding = 4; lastKnownFileType = sourcecode.c.h; name = "NSString+UALocalizationAdditions.h"; path = "Headers/NSString+UALocalizationAdditions.h"; sourceTree = "<group>"; };
		76520FDC1DF8DF67002B5868 /* NSString+UAURLEncoding.h */ = {isa = PBXFileReference; fileEncoding = 4; lastKnownFileType = sourcecode.c.h; name = "NSString+UAURLEncoding.h"; path = "Headers/NSString+UAURLEncoding.h"; sourceTree = "<group>"; };
		76520FDD1DF8DF67002B5868 /* UA_Base64.h */ = {isa = PBXFileReference; fileEncoding = 4; lastKnownFileType = sourcecode.c.h; name = UA_Base64.h; path = Headers/UA_Base64.h; sourceTree = "<group>"; };
		76520FDE1DF8DF67002B5868 /* UAAccountEventTemplate.h */ = {isa = PBXFileReference; fileEncoding = 4; lastKnownFileType = sourcecode.c.h; name = UAAccountEventTemplate.h; path = Headers/UAAccountEventTemplate.h; sourceTree = "<group>"; };
		76520FDF1DF8DF67002B5868 /* UAAction.h */ = {isa = PBXFileReference; fileEncoding = 4; lastKnownFileType = sourcecode.c.h; name = UAAction.h; path = Headers/UAAction.h; sourceTree = "<group>"; };
		76520FE01DF8DF67002B5868 /* UAAction+Operators.h */ = {isa = PBXFileReference; fileEncoding = 4; lastKnownFileType = sourcecode.c.h; name = "UAAction+Operators.h"; path = "Headers/UAAction+Operators.h"; sourceTree = "<group>"; };
		76520FE11DF8DF67002B5868 /* UAActionArguments.h */ = {isa = PBXFileReference; fileEncoding = 4; lastKnownFileType = sourcecode.c.h; name = UAActionArguments.h; path = Headers/UAActionArguments.h; sourceTree = "<group>"; };
		76520FE21DF8DF67002B5868 /* UAActionJSDelegate.h */ = {isa = PBXFileReference; fileEncoding = 4; lastKnownFileType = sourcecode.c.h; name = UAActionJSDelegate.h; path = Headers/UAActionJSDelegate.h; sourceTree = "<group>"; };
		76520FE31DF8DF67002B5868 /* UAActionRegistry.h */ = {isa = PBXFileReference; fileEncoding = 4; lastKnownFileType = sourcecode.c.h; name = UAActionRegistry.h; path = Headers/UAActionRegistry.h; sourceTree = "<group>"; };
		76520FE41DF8DF67002B5868 /* UAActionRegistryEntry.h */ = {isa = PBXFileReference; fileEncoding = 4; lastKnownFileType = sourcecode.c.h; name = UAActionRegistryEntry.h; path = Headers/UAActionRegistryEntry.h; sourceTree = "<group>"; };
		76520FE51DF8DF67002B5868 /* UAActionResult.h */ = {isa = PBXFileReference; fileEncoding = 4; lastKnownFileType = sourcecode.c.h; name = UAActionResult.h; path = Headers/UAActionResult.h; sourceTree = "<group>"; };
		76520FE61DF8DF67002B5868 /* UAActionRunner.h */ = {isa = PBXFileReference; fileEncoding = 4; lastKnownFileType = sourcecode.c.h; name = UAActionRunner.h; path = Headers/UAActionRunner.h; sourceTree = "<group>"; };
		76520FE71DF8DF67002B5868 /* UAActionSchedule.h */ = {isa = PBXFileReference; fileEncoding = 4; lastKnownFileType = sourcecode.c.h; name = UAActionSchedule.h; path = Headers/UAActionSchedule.h; sourceTree = "<group>"; };
		76520FE81DF8DF67002B5868 /* UAActionScheduleInfo.h */ = {isa = PBXFileReference; fileEncoding = 4; lastKnownFileType = sourcecode.c.h; name = UAActionScheduleInfo.h; path = Headers/UAActionScheduleInfo.h; sourceTree = "<group>"; };
		76520FE91DF8DF67002B5868 /* UAActivityViewController.h */ = {isa = PBXFileReference; fileEncoding = 4; lastKnownFileType = sourcecode.c.h; name = UAActivityViewController.h; path = Headers/UAActivityViewController.h; sourceTree = "<group>"; };
		76520FEA1DF8DF67002B5868 /* UAAddCustomEventAction.h */ = {isa = PBXFileReference; fileEncoding = 4; lastKnownFileType = sourcecode.c.h; name = UAAddCustomEventAction.h; path = Headers/UAAddCustomEventAction.h; sourceTree = "<group>"; };
		76520FEB1DF8DF67002B5868 /* UAAddTagsAction.h */ = {isa = PBXFileReference; fileEncoding = 4; lastKnownFileType = sourcecode.c.h; name = UAAddTagsAction.h; path = Headers/UAAddTagsAction.h; sourceTree = "<group>"; };
		76520FEC1DF8DF67002B5868 /* UAAggregateActionResult.h */ = {isa = PBXFileReference; fileEncoding = 4; lastKnownFileType = sourcecode.c.h; name = UAAggregateActionResult.h; path = Headers/UAAggregateActionResult.h; sourceTree = "<group>"; };
		76520FED1DF8DF67002B5868 /* UAAnalytics.h */ = {isa = PBXFileReference; fileEncoding = 4; lastKnownFileType = sourcecode.c.h; name = UAAnalytics.h; path = Headers/UAAnalytics.h; sourceTree = "<group>"; };
		76520FEE1DF8DF67002B5868 /* UAAppIntegration.h */ = {isa = PBXFileReference; fileEncoding = 4; lastKnownFileType = sourcecode.c.h; name = UAAppIntegration.h; path = Headers/UAAppIntegration.h; sourceTree = "<group>"; };
		76520FEF1DF8DF67002B5868 /* UAApplicationMetrics.h */ = {isa = PBXFileReference; fileEncoding = 4; lastKnownFileType = sourcecode.c.h; name = UAApplicationMetrics.h; path = Headers/UAApplicationMetrics.h; sourceTree = "<group>"; };
		76520FF01DF8DF67002B5868 /* UAAssociatedIdentifiers.h */ = {isa = PBXFileReference; fileEncoding = 4; lastKnownFileType = sourcecode.c.h; name = UAAssociatedIdentifiers.h; path = Headers/UAAssociatedIdentifiers.h; sourceTree = "<group>"; };
		76520FF11DF8DF67002B5868 /* UAAutomation.h */ = {isa = PBXFileReference; fileEncoding = 4; lastKnownFileType = sourcecode.c.h; name = UAAutomation.h; path = Headers/UAAutomation.h; sourceTree = "<group>"; };
		76520FF21DF8DF67002B5868 /* UABespokeCloseView.h */ = {isa = PBXFileReference; fileEncoding = 4; lastKnownFileType = sourcecode.c.h; name = UABespokeCloseView.h; path = Headers/UABespokeCloseView.h; sourceTree = "<group>"; };
		76520FF31DF8DF67002B5868 /* UABeveledLoadingIndicator.h */ = {isa = PBXFileReference; fileEncoding = 4; lastKnownFileType = sourcecode.c.h; name = UABeveledLoadingIndicator.h; path = Headers/UABeveledLoadingIndicator.h; sourceTree = "<group>"; };
		76520FF41DF8DF67002B5868 /* UACancelSchedulesAction.h */ = {isa = PBXFileReference; fileEncoding = 4; lastKnownFileType = sourcecode.c.h; name = UACancelSchedulesAction.h; path = Headers/UACancelSchedulesAction.h; sourceTree = "<group>"; };
		76520FF51DF8DF67002B5868 /* UAChannelCapture.h */ = {isa = PBXFileReference; fileEncoding = 4; lastKnownFileType = sourcecode.c.h; name = UAChannelCapture.h; path = Headers/UAChannelCapture.h; sourceTree = "<group>"; };
		76520FF61DF8DF67002B5868 /* UAChannelRegistrar.h */ = {isa = PBXFileReference; fileEncoding = 4; lastKnownFileType = sourcecode.c.h; name = UAChannelRegistrar.h; path = Headers/UAChannelRegistrar.h; sourceTree = "<group>"; };
		76520FF71DF8DF67002B5868 /* UACircularRegion.h */ = {isa = PBXFileReference; fileEncoding = 4; lastKnownFileType = sourcecode.c.h; name = UACircularRegion.h; path = Headers/UACircularRegion.h; sourceTree = "<group>"; };
		76520FF81DF8DF67002B5868 /* UAConfig.h */ = {isa = PBXFileReference; fileEncoding = 4; lastKnownFileType = sourcecode.c.h; name = UAConfig.h; path = Headers/UAConfig.h; sourceTree = "<group>"; };
		76520FF91DF8DF67002B5868 /* UACustomEvent.h */ = {isa = PBXFileReference; fileEncoding = 4; lastKnownFileType = sourcecode.c.h; name = UACustomEvent.h; path = Headers/UACustomEvent.h; sourceTree = "<group>"; };
		76520FFA1DF8DF67002B5868 /* UADefaultMessageCenter.h */ = {isa = PBXFileReference; fileEncoding = 4; lastKnownFileType = sourcecode.c.h; name = UADefaultMessageCenter.h; path = Headers/UADefaultMessageCenter.h; sourceTree = "<group>"; };
		76520FFB1DF8DF67002B5868 /* UADefaultMessageCenterListCell.h */ = {isa = PBXFileReference; fileEncoding = 4; lastKnownFileType = sourcecode.c.h; name = UADefaultMessageCenterListCell.h; path = Headers/UADefaultMessageCenterListCell.h; sourceTree = "<group>"; };
		76520FFC1DF8DF67002B5868 /* UADefaultMessageCenterListViewController.h */ = {isa = PBXFileReference; fileEncoding = 4; lastKnownFileType = sourcecode.c.h; name = UADefaultMessageCenterListViewController.h; path = Headers/UADefaultMessageCenterListViewController.h; sourceTree = "<group>"; };
		76520FFD1DF8DF67002B5868 /* UADefaultMessageCenterMessageViewController.h */ = {isa = PBXFileReference; fileEncoding = 4; lastKnownFileType = sourcecode.c.h; name = UADefaultMessageCenterMessageViewController.h; path = Headers/UADefaultMessageCenterMessageViewController.h; sourceTree = "<group>"; };
		76520FFE1DF8DF67002B5868 /* UADefaultMessageCenterSplitViewController.h */ = {isa = PBXFileReference; fileEncoding = 4; lastKnownFileType = sourcecode.c.h; name = UADefaultMessageCenterSplitViewController.h; path = Headers/UADefaultMessageCenterSplitViewController.h; sourceTree = "<group>"; };
		76520FFF1DF8DF67002B5868 /* UADefaultMessageCenterStyle.h */ = {isa = PBXFileReference; fileEncoding = 4; lastKnownFileType = sourcecode.c.h; name = UADefaultMessageCenterStyle.h; path = Headers/UADefaultMessageCenterStyle.h; sourceTree = "<group>"; };
		765210001DF8DF67002B5868 /* UADisplayInboxAction.h */ = {isa = PBXFileReference; fileEncoding = 4; lastKnownFileType = sourcecode.c.h; name = UADisplayInboxAction.h; path = Headers/UADisplayInboxAction.h; sourceTree = "<group>"; };
		765210011DF8DF67002B5868 /* UADisposable.h */ = {isa = PBXFileReference; fileEncoding = 4; lastKnownFileType = sourcecode.c.h; name = UADisposable.h; path = Headers/UADisposable.h; sourceTree = "<group>"; };
		765210021DF8DF67002B5868 /* UAEvent.h */ = {isa = PBXFileReference; fileEncoding = 4; lastKnownFileType = sourcecode.c.h; name = UAEvent.h; path = Headers/UAEvent.h; sourceTree = "<group>"; };
		765210031DF8DF67002B5868 /* UAFetchDeviceInfoAction.h */ = {isa = PBXFileReference; fileEncoding = 4; lastKnownFileType = sourcecode.c.h; name = UAFetchDeviceInfoAction.h; path = Headers/UAFetchDeviceInfoAction.h; sourceTree = "<group>"; };
		765210041DF8DF67002B5868 /* UAGlobal.h */ = {isa = PBXFileReference; fileEncoding = 4; lastKnownFileType = sourcecode.c.h; name = UAGlobal.h; path = Headers/UAGlobal.h; sourceTree = "<group>"; };
		765210051DF8DF67002B5868 /* UAInAppMessage.h */ = {isa = PBXFileReference; fileEncoding = 4; lastKnownFileType = sourcecode.c.h; name = UAInAppMessage.h; path = Headers/UAInAppMessage.h; sourceTree = "<group>"; };
		765210061DF8DF67002B5868 /* UAInAppMessageButtonActionBinding.h */ = {isa = PBXFileReference; fileEncoding = 4; lastKnownFileType = sourcecode.c.h; name = UAInAppMessageButtonActionBinding.h; path = Headers/UAInAppMessageButtonActionBinding.h; sourceTree = "<group>"; };
		765210071DF8DF67002B5868 /* UAInAppMessageControllerDefaultDelegate.h */ = {isa = PBXFileReference; fileEncoding = 4; lastKnownFileType = sourcecode.c.h; name = UAInAppMessageControllerDefaultDelegate.h; path = Headers/UAInAppMessageControllerDefaultDelegate.h; sourceTree = "<group>"; };
		765210081DF8DF67002B5868 /* UAInAppMessageControllerDelegate.h */ = {isa = PBXFileReference; fileEncoding = 4; lastKnownFileType = sourcecode.c.h; name = UAInAppMessageControllerDelegate.h; path = Headers/UAInAppMessageControllerDelegate.h; sourceTree = "<group>"; };
		765210091DF8DF67002B5868 /* UAInAppMessageView.h */ = {isa = PBXFileReference; fileEncoding = 4; lastKnownFileType = sourcecode.c.h; name = UAInAppMessageView.h; path = Headers/UAInAppMessageView.h; sourceTree = "<group>"; };
		7652100A1DF8DF67002B5868 /* UAInAppMessaging.h */ = {isa = PBXFileReference; fileEncoding = 4; lastKnownFileType = sourcecode.c.h; name = UAInAppMessaging.h; path = Headers/UAInAppMessaging.h; sourceTree = "<group>"; };
		7652100B1DF8DF67002B5868 /* UAInbox.h */ = {isa = PBXFileReference; fileEncoding = 4; lastKnownFileType = sourcecode.c.h; name = UAInbox.h; path = Headers/UAInbox.h; sourceTree = "<group>"; };
		7652100C1DF8DF67002B5868 /* UAInboxMessage.h */ = {isa = PBXFileReference; fileEncoding = 4; lastKnownFileType = sourcecode.c.h; name = UAInboxMessage.h; path = Headers/UAInboxMessage.h; sourceTree = "<group>"; };
		7652100D1DF8DF67002B5868 /* UAInboxMessageList.h */ = {isa = PBXFileReference; fileEncoding = 4; lastKnownFileType = sourcecode.c.h; name = UAInboxMessageList.h; path = Headers/UAInboxMessageList.h; sourceTree = "<group>"; };
		7652100E1DF8DF67002B5868 /* UAInboxUtils.h */ = {isa = PBXFileReference; fileEncoding = 4; lastKnownFileType = sourcecode.c.h; name = UAInboxUtils.h; path = Headers/UAInboxUtils.h; sourceTree = "<group>"; };
		765210101DF8DF67002B5868 /* UAInstallAttributionEvent.h */ = {isa = PBXFileReference; fileEncoding = 4; lastKnownFileType = sourcecode.c.h; name = UAInstallAttributionEvent.h; path = Headers/UAInstallAttributionEvent.h; sourceTree = "<group>"; };
		765210111DF8DF67002B5868 /* UAirship.h */ = {isa = PBXFileReference; fileEncoding = 4; lastKnownFileType = sourcecode.c.h; name = UAirship.h; path = Headers/UAirship.h; sourceTree = "<group>"; };
		765210121DF8DF67002B5868 /* UAJavaScriptDelegate.h */ = {isa = PBXFileReference; fileEncoding = 4; lastKnownFileType = sourcecode.c.h; name = UAJavaScriptDelegate.h; path = Headers/UAJavaScriptDelegate.h; sourceTree = "<group>"; };
		765210131DF8DF67002B5868 /* UAJSONMatcher.h */ = {isa = PBXFileReference; fileEncoding = 4; lastKnownFileType = sourcecode.c.h; name = UAJSONMatcher.h; path = Headers/UAJSONMatcher.h; sourceTree = "<group>"; };
		765210141DF8DF67002B5868 /* UAJSONPredicate.h */ = {isa = PBXFileReference; fileEncoding = 4; lastKnownFileType = sourcecode.c.h; name = UAJSONPredicate.h; path = Headers/UAJSONPredicate.h; sourceTree = "<group>"; };
		765210151DF8DF67002B5868 /* UAJSONValueMatcher.h */ = {isa = PBXFileReference; fileEncoding = 4; lastKnownFileType = sourcecode.c.h; name = UAJSONValueMatcher.h; path = Headers/UAJSONValueMatcher.h; sourceTree = "<group>"; };
		765210161DF8DF67002B5868 /* UALandingPageAction.h */ = {isa = PBXFileReference; fileEncoding = 4; lastKnownFileType = sourcecode.c.h; name = UALandingPageAction.h; path = Headers/UALandingPageAction.h; sourceTree = "<group>"; };
		765210171DF8DF67002B5868 /* UALandingPageOverlayController.h */ = {isa = PBXFileReference; fileEncoding = 4; lastKnownFileType = sourcecode.c.h; name = UALandingPageOverlayController.h; path = Headers/UALandingPageOverlayController.h; sourceTree = "<group>"; };
		765210181DF8DF67002B5868 /* UALocation.h */ = {isa = PBXFileReference; fileEncoding = 4; lastKnownFileType = sourcecode.c.h; name = UALocation.h; path = Headers/UALocation.h; sourceTree = "<group>"; };
		765210191DF8DF67002B5868 /* UALocationEvent.h */ = {isa = PBXFileReference; fileEncoding = 4; lastKnownFileType = sourcecode.c.h; name = UALocationEvent.h; path = Headers/UALocationEvent.h; sourceTree = "<group>"; };
		7652101A1DF8DF67002B5868 /* UAMediaEventTemplate.h */ = {isa = PBXFileReference; fileEncoding = 4; lastKnownFileType = sourcecode.c.h; name = UAMediaEventTemplate.h; path = Headers/UAMediaEventTemplate.h; sourceTree = "<group>"; };
		7652101B1DF8DF67002B5868 /* UAMessageCenterDateUtils.h */ = {isa = PBXFileReference; fileEncoding = 4; lastKnownFileType = sourcecode.c.h; name = UAMessageCenterDateUtils.h; path = Headers/UAMessageCenterDateUtils.h; sourceTree = "<group>"; };
		7652101C1DF8DF67002B5868 /* UAMessageCenterLocalization.h */ = {isa = PBXFileReference; fileEncoding = 4; lastKnownFileType = sourcecode.c.h; name = UAMessageCenterLocalization.h; path = Headers/UAMessageCenterLocalization.h; sourceTree = "<group>"; };
		7652101D1DF8DF67002B5868 /* UAModifyTagsAction.h */ = {isa = PBXFileReference; fileEncoding = 4; lastKnownFileType = sourcecode.c.h; name = UAModifyTagsAction.h; path = Headers/UAModifyTagsAction.h; sourceTree = "<group>"; };
		7652101E1DF8DF67002B5868 /* UANamedUser.h */ = {isa = PBXFileReference; fileEncoding = 4; lastKnownFileType = sourcecode.c.h; name = UANamedUser.h; path = Headers/UANamedUser.h; sourceTree = "<group>"; };
		7652101F1DF8DF67002B5868 /* UANotificationAction.h */ = {isa = PBXFileReference; fileEncoding = 4; lastKnownFileType = sourcecode.c.h; name = UANotificationAction.h; path = Headers/UANotificationAction.h; sourceTree = "<group>"; };
		765210201DF8DF67002B5868 /* UANotificationCategories.h */ = {isa = PBXFileReference; fileEncoding = 4; lastKnownFileType = sourcecode.c.h; name = UANotificationCategories.h; path = Headers/UANotificationCategories.h; sourceTree = "<group>"; };
		765210211DF8DF67002B5868 /* UANotificationCategory.h */ = {isa = PBXFileReference; fileEncoding = 4; lastKnownFileType = sourcecode.c.h; name = UANotificationCategory.h; path = Headers/UANotificationCategory.h; sourceTree = "<group>"; };
		765210221DF8DF67002B5868 /* UANotificationContent.h */ = {isa = PBXFileReference; fileEncoding = 4; lastKnownFileType = sourcecode.c.h; name = UANotificationContent.h; path = Headers/UANotificationContent.h; sourceTree = "<group>"; };
		765210231DF8DF67002B5868 /* UANotificationResponse.h */ = {isa = PBXFileReference; fileEncoding = 4; lastKnownFileType = sourcecode.c.h; name = UANotificationResponse.h; path = Headers/UANotificationResponse.h; sourceTree = "<group>"; };
		765210241DF8DF67002B5868 /* UAOpenExternalURLAction.h */ = {isa = PBXFileReference; fileEncoding = 4; lastKnownFileType = sourcecode.c.h; name = UAOpenExternalURLAction.h; path = Headers/UAOpenExternalURLAction.h; sourceTree = "<group>"; };
		765210251DF8DF67002B5868 /* UAOverlayInboxMessageAction.h */ = {isa = PBXFileReference; fileEncoding = 4; lastKnownFileType = sourcecode.c.h; name = UAOverlayInboxMessageAction.h; path = Headers/UAOverlayInboxMessageAction.h; sourceTree = "<group>"; };
		765210261DF8DF67002B5868 /* UAPasteboardAction.h */ = {isa = PBXFileReference; fileEncoding = 4; lastKnownFileType = sourcecode.c.h; name = UAPasteboardAction.h; path = Headers/UAPasteboardAction.h; sourceTree = "<group>"; };
		765210281DF8DF67002B5868 /* UAProximityRegion.h */ = {isa = PBXFileReference; fileEncoding = 4; lastKnownFileType = sourcecode.c.h; name = UAProximityRegion.h; path = Headers/UAProximityRegion.h; sourceTree = "<group>"; };
		765210291DF8DF67002B5868 /* UAPush.h */ = {isa = PBXFileReference; fileEncoding = 4; lastKnownFileType = sourcecode.c.h; name = UAPush.h; path = Headers/UAPush.h; sourceTree = "<group>"; };
		7652102A1DF8DF67002B5868 /* UARegionEvent.h */ = {isa = PBXFileReference; fileEncoding = 4; lastKnownFileType = sourcecode.c.h; name = UARegionEvent.h; path = Headers/UARegionEvent.h; sourceTree = "<group>"; };
		7652102B1DF8DF67002B5868 /* UARemoveTagsAction.h */ = {isa = PBXFileReference; fileEncoding = 4; lastKnownFileType = sourcecode.c.h; name = UARemoveTagsAction.h; path = Headers/UARemoveTagsAction.h; sourceTree = "<group>"; };
		7652102C1DF8DF67002B5868 /* UARetailEventTemplate.h */ = {isa = PBXFileReference; fileEncoding = 4; lastKnownFileType = sourcecode.c.h; name = UARetailEventTemplate.h; path = Headers/UARetailEventTemplate.h; sourceTree = "<group>"; };
		7652102D1DF8DF67002B5868 /* UARichContentWindow.h */ = {isa = PBXFileReference; fileEncoding = 4; lastKnownFileType = sourcecode.c.h; name = UARichContentWindow.h; path = Headers/UARichContentWindow.h; sourceTree = "<group>"; };
		7652102E1DF8DF67002B5868 /* UAScheduleAction.h */ = {isa = PBXFileReference; fileEncoding = 4; lastKnownFileType = sourcecode.c.h; name = UAScheduleAction.h; path = Headers/UAScheduleAction.h; sourceTree = "<group>"; };
		7652102F1DF8DF67002B5868 /* UAScheduleTrigger.h */ = {isa = PBXFileReference; fileEncoding = 4; lastKnownFileType = sourcecode.c.h; name = UAScheduleTrigger.h; path = Headers/UAScheduleTrigger.h; sourceTree = "<group>"; };
		765210301DF8DF67002B5868 /* UAShareAction.h */ = {isa = PBXFileReference; fileEncoding = 4; lastKnownFileType = sourcecode.c.h; name = UAShareAction.h; path = Headers/UAShareAction.h; sourceTree = "<group>"; };
		765210311DF8DF67002B5868 /* UAURLProtocol.h */ = {isa = PBXFileReference; fileEncoding = 4; lastKnownFileType = sourcecode.c.h; name = UAURLProtocol.h; path = Headers/UAURLProtocol.h; sourceTree = "<group>"; };
		765210321DF8DF67002B5868 /* UAUser.h */ = {isa = PBXFileReference; fileEncoding = 4; lastKnownFileType = sourcecode.c.h; name = UAUser.h; path = Headers/UAUser.h; sourceTree = "<group>"; };
		765210331DF8DF67002B5868 /* UAUtils.h */ = {isa = PBXFileReference; fileEncoding = 4; lastKnownFileType = sourcecode.c.h; name = UAUtils.h; path = Headers/UAUtils.h; sourceTree = "<group>"; };
		765210341DF8DF67002B5868 /* UAWebViewCallData.h */ = {isa = PBXFileReference; fileEncoding = 4; lastKnownFileType = sourcecode.c.h; name = UAWebViewCallData.h; path = Headers/UAWebViewCallData.h; sourceTree = "<group>"; };
		765210351DF8DF67002B5868 /* UAWebViewDelegate.h */ = {isa = PBXFileReference; fileEncoding = 4; lastKnownFileType = sourcecode.c.h; name = UAWebViewDelegate.h; path = Headers/UAWebViewDelegate.h; sourceTree = "<group>"; };
		765210361DF8DF67002B5868 /* UAWhitelist.h */ = {isa = PBXFileReference; fileEncoding = 4; lastKnownFileType = sourcecode.c.h; name = UAWhitelist.h; path = Headers/UAWhitelist.h; sourceTree = "<group>"; };
		765210371DF8DF67002B5868 /* UIWebView+UAAdditions.h */ = {isa = PBXFileReference; fileEncoding = 4; lastKnownFileType = sourcecode.c.h; name = "UIWebView+UAAdditions.h"; path = "Headers/UIWebView+UAAdditions.h"; sourceTree = "<group>"; };
		AA747D9E0F9514B9006C5449 /* ComUrbanairship_Prefix.pch */ = {isa = PBXFileReference; fileEncoding = 4; lastKnownFileType = sourcecode.c.h; path = ComUrbanairship_Prefix.pch; sourceTree = SOURCE_ROOT; };
		AACBBE490F95108600F1A2B1 /* Foundation.framework */ = {isa = PBXFileReference; lastKnownFileType = wrapper.framework; name = Foundation.framework; path = System/Library/Frameworks/Foundation.framework; sourceTree = SDKROOT; };
		CCDD0CAB1CC0424400467979 /* ComUrbanairshipAutopilot.h */ = {isa = PBXFileReference; fileEncoding = 4; lastKnownFileType = sourcecode.c.h; name = ComUrbanairshipAutopilot.h; path = Classes/ComUrbanairshipAutopilot.h; sourceTree = "<group>"; };
		CCDD0CAC1CC0424400467979 /* ComUrbanairshipAutopilot.m */ = {isa = PBXFileReference; fileEncoding = 4; lastKnownFileType = sourcecode.c.objc; name = ComUrbanairshipAutopilot.m; path = Classes/ComUrbanairshipAutopilot.m; sourceTree = "<group>"; };
		D2AAC07E0554694100DB518D /* libComUrbanairship.a */ = {isa = PBXFileReference; explicitFileType = archive.ar; includeInIndex = 0; path = libComUrbanairship.a; sourceTree = BUILT_PRODUCTS_DIR; };
/* End PBXFileReference section */

/* Begin PBXFrameworksBuildPhase section */
		D2AAC07C0554694100DB518D /* Frameworks */ = {
			isa = PBXFrameworksBuildPhase;
			buildActionMask = 2147483647;
			files = (
				3DB548101F2A680D009E7EF4 /* libUAirship-8.5.0.a in Frameworks */,
				AACBBE4A0F95108600F1A2B1 /* Foundation.framework in Frameworks */,
			);
			runOnlyForDeploymentPostprocessing = 0;
		};
/* End PBXFrameworksBuildPhase section */

/* Begin PBXGroup section */
		034768DFFF38A50411DB9C8B /* Products */ = {
			isa = PBXGroup;
			children = (
				D2AAC07E0554694100DB518D /* libComUrbanairship.a */,
			);
			name = Products;
			sourceTree = "<group>";
		};
		0867D691FE84028FC02AAC07 /* UrbanAirship */ = {
			isa = PBXGroup;
			children = (
				CCDD0BE91CC01B4E00467979 /* Airship */,
				08FB77AEFE84172EC02AAC07 /* Classes */,
				32C88DFF0371C24200C91783 /* Other Sources */,
				0867D69AFE84028FC02AAC07 /* Frameworks */,
				034768DFFF38A50411DB9C8B /* Products */,
			);
			name = UrbanAirship;
			sourceTree = "<group>";
		};
		0867D69AFE84028FC02AAC07 /* Frameworks */ = {
			isa = PBXGroup;
			children = (
				AACBBE490F95108600F1A2B1 /* Foundation.framework */,
			);
			name = Frameworks;
			sourceTree = "<group>";
		};
		08FB77AEFE84172EC02AAC07 /* Classes */ = {
			isa = PBXGroup;
			children = (
				3DB548111F2A6829009E7EF4 /* ComUrbanairshipDeeplink.h */,
				3DB548121F2A6829009E7EF4 /* ComUrbanairshipDeeplink.m */,
				24DE9E0F11C5FE74003F90F6 /* ComUrbanairshipModuleAssets.h */,
				24DE9E1011C5FE74003F90F6 /* ComUrbanairshipModuleAssets.m */,
				24DD6CF71134B3F500162E58 /* ComUrbanairshipModule.h */,
				24DD6CF81134B3F500162E58 /* ComUrbanairshipModule.m */,
				CCDD0CAB1CC0424400467979 /* ComUrbanairshipAutopilot.h */,
				CCDD0CAC1CC0424400467979 /* ComUrbanairshipAutopilot.m */,
			);
			name = Classes;
			sourceTree = "<group>";
		};
		32C88DFF0371C24200C91783 /* Other Sources */ = {
			isa = PBXGroup;
			children = (
				AA747D9E0F9514B9006C5449 /* ComUrbanairship_Prefix.pch */,
				24DD6D1B1134B66800162E58 /* titanium.xcconfig */,
			);
			name = "Other Sources";
			sourceTree = "<group>";
		};
		7652109A1DF8DF7C002B5868 /* Headers */ = {
			isa = PBXGroup;
			children = (
				76520FD71DF8DF67002B5868 /* AirshipLib.h */,
				76520FD81DF8DF67002B5868 /* NSJSONSerialization+UAAdditions.h */,
				76520FD91DF8DF67002B5868 /* NSManagedObjectContext+UAAdditions.h */,
				76520FDA1DF8DF67002B5868 /* NSOperationQueue+UAAdditions.h */,
				76520FDB1DF8DF67002B5868 /* NSString+UALocalizationAdditions.h */,
				76520FDC1DF8DF67002B5868 /* NSString+UAURLEncoding.h */,
				76520FDD1DF8DF67002B5868 /* UA_Base64.h */,
				76520FDE1DF8DF67002B5868 /* UAAccountEventTemplate.h */,
				76520FDF1DF8DF67002B5868 /* UAAction.h */,
				76520FE01DF8DF67002B5868 /* UAAction+Operators.h */,
				76520FE11DF8DF67002B5868 /* UAActionArguments.h */,
				76520FE21DF8DF67002B5868 /* UAActionJSDelegate.h */,
				76520FE31DF8DF67002B5868 /* UAActionRegistry.h */,
				76520FE41DF8DF67002B5868 /* UAActionRegistryEntry.h */,
				76520FE51DF8DF67002B5868 /* UAActionResult.h */,
				76520FE61DF8DF67002B5868 /* UAActionRunner.h */,
				76520FE71DF8DF67002B5868 /* UAActionSchedule.h */,
				76520FE81DF8DF67002B5868 /* UAActionScheduleInfo.h */,
				76520FE91DF8DF67002B5868 /* UAActivityViewController.h */,
				76520FEA1DF8DF67002B5868 /* UAAddCustomEventAction.h */,
				76520FEB1DF8DF67002B5868 /* UAAddTagsAction.h */,
				76520FEC1DF8DF67002B5868 /* UAAggregateActionResult.h */,
				76520FED1DF8DF67002B5868 /* UAAnalytics.h */,
				76520FEE1DF8DF67002B5868 /* UAAppIntegration.h */,
				76520FEF1DF8DF67002B5868 /* UAApplicationMetrics.h */,
				76520FF01DF8DF67002B5868 /* UAAssociatedIdentifiers.h */,
				76520FF11DF8DF67002B5868 /* UAAutomation.h */,
				76520FF21DF8DF67002B5868 /* UABespokeCloseView.h */,
				76520FF31DF8DF67002B5868 /* UABeveledLoadingIndicator.h */,
				76520FF41DF8DF67002B5868 /* UACancelSchedulesAction.h */,
				76520FF51DF8DF67002B5868 /* UAChannelCapture.h */,
				76520FF61DF8DF67002B5868 /* UAChannelRegistrar.h */,
				76520FF71DF8DF67002B5868 /* UACircularRegion.h */,
				76520FF81DF8DF67002B5868 /* UAConfig.h */,
				76520FF91DF8DF67002B5868 /* UACustomEvent.h */,
				76520FFA1DF8DF67002B5868 /* UADefaultMessageCenter.h */,
				76520FFB1DF8DF67002B5868 /* UADefaultMessageCenterListCell.h */,
				76520FFC1DF8DF67002B5868 /* UADefaultMessageCenterListViewController.h */,
				76520FFD1DF8DF67002B5868 /* UADefaultMessageCenterMessageViewController.h */,
				76520FFE1DF8DF67002B5868 /* UADefaultMessageCenterSplitViewController.h */,
				76520FFF1DF8DF67002B5868 /* UADefaultMessageCenterStyle.h */,
				765210001DF8DF67002B5868 /* UADisplayInboxAction.h */,
				765210011DF8DF67002B5868 /* UADisposable.h */,
				765210021DF8DF67002B5868 /* UAEvent.h */,
				765210031DF8DF67002B5868 /* UAFetchDeviceInfoAction.h */,
				765210041DF8DF67002B5868 /* UAGlobal.h */,
				765210051DF8DF67002B5868 /* UAInAppMessage.h */,
				765210061DF8DF67002B5868 /* UAInAppMessageButtonActionBinding.h */,
				765210071DF8DF67002B5868 /* UAInAppMessageControllerDefaultDelegate.h */,
				765210081DF8DF67002B5868 /* UAInAppMessageControllerDelegate.h */,
				765210091DF8DF67002B5868 /* UAInAppMessageView.h */,
				7652100A1DF8DF67002B5868 /* UAInAppMessaging.h */,
				7652100B1DF8DF67002B5868 /* UAInbox.h */,
				7652100C1DF8DF67002B5868 /* UAInboxMessage.h */,
				7652100D1DF8DF67002B5868 /* UAInboxMessageList.h */,
				7652100E1DF8DF67002B5868 /* UAInboxUtils.h */,
				765210101DF8DF67002B5868 /* UAInstallAttributionEvent.h */,
				765210111DF8DF67002B5868 /* UAirship.h */,
				765210121DF8DF67002B5868 /* UAJavaScriptDelegate.h */,
				765210131DF8DF67002B5868 /* UAJSONMatcher.h */,
				765210141DF8DF67002B5868 /* UAJSONPredicate.h */,
				765210151DF8DF67002B5868 /* UAJSONValueMatcher.h */,
				765210161DF8DF67002B5868 /* UALandingPageAction.h */,
				765210171DF8DF67002B5868 /* UALandingPageOverlayController.h */,
				765210181DF8DF67002B5868 /* UALocation.h */,
				765210191DF8DF67002B5868 /* UALocationEvent.h */,
				7652101A1DF8DF67002B5868 /* UAMediaEventTemplate.h */,
				7652101B1DF8DF67002B5868 /* UAMessageCenterDateUtils.h */,
				7652101C1DF8DF67002B5868 /* UAMessageCenterLocalization.h */,
				7652101D1DF8DF67002B5868 /* UAModifyTagsAction.h */,
				7652101E1DF8DF67002B5868 /* UANamedUser.h */,
				7652101F1DF8DF67002B5868 /* UANotificationAction.h */,
				765210201DF8DF67002B5868 /* UANotificationCategories.h */,
				765210211DF8DF67002B5868 /* UANotificationCategory.h */,
				765210221DF8DF67002B5868 /* UANotificationContent.h */,
				765210231DF8DF67002B5868 /* UANotificationResponse.h */,
				765210241DF8DF67002B5868 /* UAOpenExternalURLAction.h */,
				765210251DF8DF67002B5868 /* UAOverlayInboxMessageAction.h */,
				765210261DF8DF67002B5868 /* UAPasteboardAction.h */,
				765210281DF8DF67002B5868 /* UAProximityRegion.h */,
				765210291DF8DF67002B5868 /* UAPush.h */,
				7652102A1DF8DF67002B5868 /* UARegionEvent.h */,
				7652102B1DF8DF67002B5868 /* UARemoveTagsAction.h */,
				7652102C1DF8DF67002B5868 /* UARetailEventTemplate.h */,
				7652102D1DF8DF67002B5868 /* UARichContentWindow.h */,
				7652102E1DF8DF67002B5868 /* UAScheduleAction.h */,
				7652102F1DF8DF67002B5868 /* UAScheduleTrigger.h */,
				765210301DF8DF67002B5868 /* UAShareAction.h */,
				765210311DF8DF67002B5868 /* UAURLProtocol.h */,
				765210321DF8DF67002B5868 /* UAUser.h */,
				765210331DF8DF67002B5868 /* UAUtils.h */,
				765210341DF8DF67002B5868 /* UAWebViewCallData.h */,
				765210351DF8DF67002B5868 /* UAWebViewDelegate.h */,
				765210361DF8DF67002B5868 /* UAWhitelist.h */,
				765210371DF8DF67002B5868 /* UIWebView+UAAdditions.h */,
			);
			name = Headers;
			sourceTree = "<group>";
		};
		CCDD0BE91CC01B4E00467979 /* Airship */ = {
			isa = PBXGroup;
			children = (
				3DB5480F1F2A680D009E7EF4 /* libUAirship-8.5.0.a */,
				7652109A1DF8DF7C002B5868 /* Headers */,
			);
			path = Airship;
			sourceTree = "<group>";
		};
/* End PBXGroup section */

/* Begin PBXHeadersBuildPhase section */
		D2AAC07A0554694100DB518D /* Headers */ = {
			isa = PBXHeadersBuildPhase;
			buildActionMask = 2147483647;
			files = (
				3DB548131F2A6829009E7EF4 /* ComUrbanairshipDeeplink.h in Headers */,
				765210591DF8DF67002B5868 /* UAConfig.h in Headers */,
				765210811DF8DF67002B5868 /* UANotificationCategories.h in Headers */,
				765210401DF8DF67002B5868 /* UAAction.h in Headers */,
				7652105D1DF8DF67002B5868 /* UADefaultMessageCenterListViewController.h in Headers */,
				765210551DF8DF67002B5868 /* UACancelSchedulesAction.h in Headers */,
				765210831DF8DF67002B5868 /* UANotificationContent.h in Headers */,
				765210891DF8DF67002B5868 /* UAProximityRegion.h in Headers */,
				765210691DF8DF67002B5868 /* UAInAppMessageControllerDelegate.h in Headers */,
				7652108E1DF8DF67002B5868 /* UARichContentWindow.h in Headers */,
				765210381DF8DF67002B5868 /* AirshipLib.h in Headers */,
				7652106A1DF8DF67002B5868 /* UAInAppMessageView.h in Headers */,
				765210901DF8DF67002B5868 /* UAScheduleTrigger.h in Headers */,
				765210911DF8DF67002B5868 /* UAShareAction.h in Headers */,
				7652103E1DF8DF67002B5868 /* UA_Base64.h in Headers */,
				7652107D1DF8DF67002B5868 /* UAMessageCenterLocalization.h in Headers */,
				7652108A1DF8DF67002B5868 /* UAPush.h in Headers */,
				7652103C1DF8DF67002B5868 /* NSString+UALocalizationAdditions.h in Headers */,
				765210471DF8DF67002B5868 /* UAActionRunner.h in Headers */,
				AA747D9F0F9514B9006C5449 /* ComUrbanairship_Prefix.pch in Headers */,
				765210441DF8DF67002B5868 /* UAActionRegistry.h in Headers */,
				765210741DF8DF67002B5868 /* UAJSONMatcher.h in Headers */,
				765210791DF8DF67002B5868 /* UALocation.h in Headers */,
				765210981DF8DF67002B5868 /* UIWebView+UAAdditions.h in Headers */,
				24DD6CF91134B3F500162E58 /* ComUrbanairshipModule.h in Headers */,
				765210921DF8DF67002B5868 /* UAURLProtocol.h in Headers */,
				765210431DF8DF67002B5868 /* UAActionJSDelegate.h in Headers */,
				765210821DF8DF67002B5868 /* UANotificationCategory.h in Headers */,
				7652107B1DF8DF67002B5868 /* UAMediaEventTemplate.h in Headers */,
				765210451DF8DF67002B5868 /* UAActionRegistryEntry.h in Headers */,
				7652103B1DF8DF67002B5868 /* NSOperationQueue+UAAdditions.h in Headers */,
				765210941DF8DF67002B5868 /* UAUtils.h in Headers */,
				765210511DF8DF67002B5868 /* UAAssociatedIdentifiers.h in Headers */,
				7652103D1DF8DF67002B5868 /* NSString+UAURLEncoding.h in Headers */,
				765210861DF8DF67002B5868 /* UAOverlayInboxMessageAction.h in Headers */,
				765210481DF8DF67002B5868 /* UAActionSchedule.h in Headers */,
				765210841DF8DF67002B5868 /* UANotificationResponse.h in Headers */,
				765210671DF8DF67002B5868 /* UAInAppMessageButtonActionBinding.h in Headers */,
				765210731DF8DF67002B5868 /* UAJavaScriptDelegate.h in Headers */,
				7652105A1DF8DF67002B5868 /* UACustomEvent.h in Headers */,
				7652107E1DF8DF67002B5868 /* UAModifyTagsAction.h in Headers */,
				7652103F1DF8DF67002B5868 /* UAAccountEventTemplate.h in Headers */,
				765210751DF8DF67002B5868 /* UAJSONPredicate.h in Headers */,
				24DE9E1111C5FE74003F90F6 /* ComUrbanairshipModuleAssets.h in Headers */,
				7652105E1DF8DF67002B5868 /* UADefaultMessageCenterMessageViewController.h in Headers */,
				765210761DF8DF67002B5868 /* UAJSONValueMatcher.h in Headers */,
				7652104F1DF8DF67002B5868 /* UAAppIntegration.h in Headers */,
				765210961DF8DF67002B5868 /* UAWebViewDelegate.h in Headers */,
				7652104D1DF8DF67002B5868 /* UAAggregateActionResult.h in Headers */,
				765210781DF8DF67002B5868 /* UALandingPageOverlayController.h in Headers */,
				765210661DF8DF67002B5868 /* UAInAppMessage.h in Headers */,
				7652108F1DF8DF67002B5868 /* UAScheduleAction.h in Headers */,
				765210651DF8DF67002B5868 /* UAGlobal.h in Headers */,
				7652106E1DF8DF67002B5868 /* UAInboxMessageList.h in Headers */,
				765210931DF8DF67002B5868 /* UAUser.h in Headers */,
				7652106B1DF8DF67002B5868 /* UAInAppMessaging.h in Headers */,
				765210631DF8DF67002B5868 /* UAEvent.h in Headers */,
				765210461DF8DF67002B5868 /* UAActionResult.h in Headers */,
				7652104B1DF8DF67002B5868 /* UAAddCustomEventAction.h in Headers */,
				765210971DF8DF67002B5868 /* UAWhitelist.h in Headers */,
				765210721DF8DF67002B5868 /* UAirship.h in Headers */,
				7652105F1DF8DF67002B5868 /* UADefaultMessageCenterSplitViewController.h in Headers */,
				7652105B1DF8DF67002B5868 /* UADefaultMessageCenter.h in Headers */,
				765210501DF8DF67002B5868 /* UAApplicationMetrics.h in Headers */,
				765210681DF8DF67002B5868 /* UAInAppMessageControllerDefaultDelegate.h in Headers */,
				765210601DF8DF67002B5868 /* UADefaultMessageCenterStyle.h in Headers */,
				7652107F1DF8DF67002B5868 /* UANamedUser.h in Headers */,
				7652108B1DF8DF67002B5868 /* UARegionEvent.h in Headers */,
				7652108C1DF8DF67002B5868 /* UARemoveTagsAction.h in Headers */,
				765210621DF8DF67002B5868 /* UADisposable.h in Headers */,
				765210801DF8DF67002B5868 /* UANotificationAction.h in Headers */,
				765210391DF8DF67002B5868 /* NSJSONSerialization+UAAdditions.h in Headers */,
				765210851DF8DF67002B5868 /* UAOpenExternalURLAction.h in Headers */,
				7652107A1DF8DF67002B5868 /* UALocationEvent.h in Headers */,
				765210491DF8DF67002B5868 /* UAActionScheduleInfo.h in Headers */,
				765210571DF8DF67002B5868 /* UAChannelRegistrar.h in Headers */,
				765210541DF8DF67002B5868 /* UABeveledLoadingIndicator.h in Headers */,
				7652104A1DF8DF67002B5868 /* UAActivityViewController.h in Headers */,
				765210421DF8DF67002B5868 /* UAActionArguments.h in Headers */,
				7652106C1DF8DF67002B5868 /* UAInbox.h in Headers */,
				765210581DF8DF67002B5868 /* UACircularRegion.h in Headers */,
				765210561DF8DF67002B5868 /* UAChannelCapture.h in Headers */,
				765210521DF8DF67002B5868 /* UAAutomation.h in Headers */,
				765210641DF8DF67002B5868 /* UAFetchDeviceInfoAction.h in Headers */,
				7652108D1DF8DF67002B5868 /* UARetailEventTemplate.h in Headers */,
				765210531DF8DF67002B5868 /* UABespokeCloseView.h in Headers */,
				765210871DF8DF67002B5868 /* UAPasteboardAction.h in Headers */,
				7652105C1DF8DF67002B5868 /* UADefaultMessageCenterListCell.h in Headers */,
				7652103A1DF8DF67002B5868 /* NSManagedObjectContext+UAAdditions.h in Headers */,
				765210411DF8DF67002B5868 /* UAAction+Operators.h in Headers */,
				765210711DF8DF67002B5868 /* UAInstallAttributionEvent.h in Headers */,
				765210611DF8DF67002B5868 /* UADisplayInboxAction.h in Headers */,
				7652106F1DF8DF67002B5868 /* UAInboxUtils.h in Headers */,
				7652104C1DF8DF67002B5868 /* UAAddTagsAction.h in Headers */,
				7652107C1DF8DF67002B5868 /* UAMessageCenterDateUtils.h in Headers */,
				7652106D1DF8DF67002B5868 /* UAInboxMessage.h in Headers */,
				765210951DF8DF67002B5868 /* UAWebViewCallData.h in Headers */,
				765210771DF8DF67002B5868 /* UALandingPageAction.h in Headers */,
				CCDD0CAD1CC0424400467979 /* ComUrbanairshipAutopilot.h in Headers */,
				7652104E1DF8DF67002B5868 /* UAAnalytics.h in Headers */,
			);
			runOnlyForDeploymentPostprocessing = 0;
		};
/* End PBXHeadersBuildPhase section */

/* Begin PBXNativeTarget section */
		D2AAC07D0554694100DB518D /* UrbanAirship */ = {
			isa = PBXNativeTarget;
			buildConfigurationList = 1DEB921E08733DC00010E9CD /* Build configuration list for PBXNativeTarget "UrbanAirship" */;
			buildPhases = (
				D2AAC07A0554694100DB518D /* Headers */,
				D2AAC07B0554694100DB518D /* Sources */,
				D2AAC07C0554694100DB518D /* Frameworks */,
				CCDD0CA91CC02AEA00467979 /* Resources */,
			);
			buildRules = (
			);
			dependencies = (
			);
			name = UrbanAirship;
			productName = UrbanAirship;
			productReference = D2AAC07E0554694100DB518D /* libComUrbanairship.a */;
			productType = "com.apple.product-type.library.static";
		};
/* End PBXNativeTarget section */

/* Begin PBXProject section */
		0867D690FE84028FC02AAC07 /* Project object */ = {
			isa = PBXProject;
			attributes = {
				LastUpgradeCheck = 0810;
			};
			buildConfigurationList = 1DEB922208733DC00010E9CD /* Build configuration list for PBXProject "UrbanAirship" */;
			compatibilityVersion = "Xcode 3.2";
			developmentRegion = English;
			hasScannedForEncodings = 1;
			knownRegions = (
				English,
				Japanese,
				French,
				German,
			);
			mainGroup = 0867D691FE84028FC02AAC07 /* UrbanAirship */;
			productRefGroup = 034768DFFF38A50411DB9C8B /* Products */;
			projectDirPath = "";
			projectRoot = "";
			targets = (
				D2AAC07D0554694100DB518D /* UrbanAirship */,
				24416B8111C4CA220047AFDD /* Build & Test */,
			);
		};
/* End PBXProject section */

/* Begin PBXResourcesBuildPhase section */
		CCDD0CA91CC02AEA00467979 /* Resources */ = {
			isa = PBXResourcesBuildPhase;
			buildActionMask = 2147483647;
			files = (
			);
			runOnlyForDeploymentPostprocessing = 0;
		};
/* End PBXResourcesBuildPhase section */

/* Begin PBXShellScriptBuildPhase section */
		24416B8011C4CA220047AFDD /* ShellScript */ = {
			isa = PBXShellScriptBuildPhase;
			buildActionMask = 2147483647;
			files = (
			);
			inputPaths = (
			);
			outputPaths = (
			);
			runOnlyForDeploymentPostprocessing = 0;
			shellPath = /bin/sh;
			shellScript = "# shell script goes here\n\npython \"${TITANIUM_SDK}/titanium.py\" run --dir=\"${PROJECT_DIR}\"\nexit $?\n";
		};
/* End PBXShellScriptBuildPhase section */

/* Begin PBXSourcesBuildPhase section */
		D2AAC07B0554694100DB518D /* Sources */ = {
			isa = PBXSourcesBuildPhase;
			buildActionMask = 2147483647;
			files = (
				24DD6CFA1134B3F500162E58 /* ComUrbanairshipModule.m in Sources */,
				3DB548141F2A6829009E7EF4 /* ComUrbanairshipDeeplink.m in Sources */,
				24DE9E1211C5FE74003F90F6 /* ComUrbanairshipModuleAssets.m in Sources */,
				CCDD0CAE1CC0424400467979 /* ComUrbanairshipAutopilot.m in Sources */,
			);
			runOnlyForDeploymentPostprocessing = 0;
		};
/* End PBXSourcesBuildPhase section */

/* Begin PBXTargetDependency section */
		24416B8511C4CA280047AFDD /* PBXTargetDependency */ = {
			isa = PBXTargetDependency;
			target = D2AAC07D0554694100DB518D /* UrbanAirship */;
			targetProxy = 24416B8411C4CA280047AFDD /* PBXContainerItemProxy */;
		};
/* End PBXTargetDependency section */

/* Begin XCBuildConfiguration section */
		1DEB921F08733DC00010E9CD /* Debug */ = {
			isa = XCBuildConfiguration;
			baseConfigurationReference = 24DD6D1B1134B66800162E58 /* titanium.xcconfig */;
			buildSettings = {
				CODE_SIGN_IDENTITY = "iPhone Developer";
				"CODE_SIGN_IDENTITY[sdk=iphoneos*]" = "iPhone Developer";
				DSTROOT = /tmp/ComUrbanairship.dst;
				GCC_C_LANGUAGE_STANDARD = c99;
				GCC_OPTIMIZATION_LEVEL = 0;
				GCC_PRECOMPILE_PREFIX_HEADER = YES;
				GCC_PREFIX_HEADER = ComUrbanairship_Prefix.pch;
				GCC_PREPROCESSOR_DEFINITIONS = "TI_VERSION=$(TI_VERSION)";
				GCC_TREAT_WARNINGS_AS_ERRORS = NO;
				GCC_VERSION = "";
				GCC_WARN_ABOUT_RETURN_TYPE = NO;
				GCC_WARN_MISSING_PARENTHESES = NO;
				GCC_WARN_SHADOW = NO;
				GCC_WARN_STRICT_SELECTOR_MATCH = NO;
				GCC_WARN_UNUSED_FUNCTION = YES;
				GCC_WARN_UNUSED_PARAMETER = NO;
				GCC_WARN_UNUSED_VALUE = NO;
				GCC_WARN_UNUSED_VARIABLE = NO;
				INSTALL_PATH = /usr/local/lib;
				IPHONEOS_DEPLOYMENT_TARGET = 8.0;
				LIBRARY_SEARCH_PATHS = "$(PROJECT_DIR)/Airship";
				OTHER_CFLAGS = (
					"-DDEBUG",
					"-DTI_POST_1_2",
				);
				OTHER_LDFLAGS = "-ObjC";
				PRODUCT_NAME = ComUrbanairship;
				PROVISIONING_PROFILE = "";
				"PROVISIONING_PROFILE[sdk=iphoneos*]" = "";
				RUN_CLANG_STATIC_ANALYZER = NO;
				SDKROOT = iphoneos;
				USER_HEADER_SEARCH_PATHS = "";
			};
			name = Debug;
		};
		1DEB922008733DC00010E9CD /* Release */ = {
			isa = XCBuildConfiguration;
			baseConfigurationReference = 24DD6D1B1134B66800162E58 /* titanium.xcconfig */;
			buildSettings = {
				ALWAYS_SEARCH_USER_PATHS = NO;
				DSTROOT = /tmp/ComUrbanairship.dst;
				GCC_C_LANGUAGE_STANDARD = c99;
				GCC_MODEL_TUNING = G5;
				GCC_PRECOMPILE_PREFIX_HEADER = YES;
				GCC_PREFIX_HEADER = ComUrbanairship_Prefix.pch;
				GCC_PREPROCESSOR_DEFINITIONS = "TI_VERSION=$(TI_VERSION)";
				GCC_TREAT_WARNINGS_AS_ERRORS = NO;
				GCC_VERSION = "";
				GCC_WARN_ABOUT_RETURN_TYPE = NO;
				GCC_WARN_MISSING_PARENTHESES = NO;
				GCC_WARN_SHADOW = NO;
				GCC_WARN_STRICT_SELECTOR_MATCH = NO;
				GCC_WARN_UNUSED_FUNCTION = YES;
				GCC_WARN_UNUSED_PARAMETER = NO;
				GCC_WARN_UNUSED_VALUE = NO;
				GCC_WARN_UNUSED_VARIABLE = NO;
				INSTALL_PATH = /usr/local/lib;
				IPHONEOS_DEPLOYMENT_TARGET = 8.0;
				LIBRARY_SEARCH_PATHS = "$(PROJECT_DIR)/Airship";
				OTHER_CFLAGS = "-DTI_POST_1_2";
				OTHER_LDFLAGS = "-ObjC";
				PRODUCT_NAME = ComUrbanairship;
				RUN_CLANG_STATIC_ANALYZER = NO;
				SDKROOT = iphoneos;
				USER_HEADER_SEARCH_PATHS = "";
			};
			name = Release;
		};
		1DEB922308733DC00010E9CD /* Debug */ = {
			isa = XCBuildConfiguration;
			baseConfigurationReference = 24DD6D1B1134B66800162E58 /* titanium.xcconfig */;
			buildSettings = {
				CLANG_ANALYZER_LOCALIZABILITY_NONLOCALIZED = YES;
				CLANG_CXX_LIBRARY = "compiler-default";
				CLANG_WARN_BOOL_CONVERSION = YES;
				CLANG_WARN_CONSTANT_CONVERSION = YES;
				CLANG_WARN_EMPTY_BODY = YES;
				CLANG_WARN_ENUM_CONVERSION = YES;
				CLANG_WARN_INFINITE_RECURSION = YES;
				CLANG_WARN_INT_CONVERSION = YES;
				CLANG_WARN_SUSPICIOUS_MOVE = YES;
				CLANG_WARN_UNREACHABLE_CODE = YES;
				CLANG_WARN__DUPLICATE_METHOD_MATCH = YES;
				CODE_SIGN_IDENTITY = "iPhone Developer";
				"CODE_SIGN_IDENTITY[sdk=iphoneos*]" = "iPhone Developer";
				DSTROOT = /tmp/ComUrbanairship.dst;
				ENABLE_STRICT_OBJC_MSGSEND = YES;
				ENABLE_TESTABILITY = YES;
				GCC_C_LANGUAGE_STANDARD = c99;
				GCC_NO_COMMON_BLOCKS = YES;
				GCC_OPTIMIZATION_LEVEL = 0;
				GCC_PRECOMPILE_PREFIX_HEADER = YES;
				GCC_PREFIX_HEADER = ComUrbanairship_Prefix.pch;
				GCC_PREPROCESSOR_DEFINITIONS = "TI_VERSION=$(TI_VERSION)";
				GCC_TREAT_WARNINGS_AS_ERRORS = NO;
				GCC_VERSION = "";
				GCC_WARN_64_TO_32_BIT_CONVERSION = YES;
				GCC_WARN_ABOUT_RETURN_TYPE = NO;
				GCC_WARN_MISSING_PARENTHESES = NO;
				GCC_WARN_SHADOW = NO;
				GCC_WARN_STRICT_SELECTOR_MATCH = NO;
				GCC_WARN_UNDECLARED_SELECTOR = YES;
				GCC_WARN_UNINITIALIZED_AUTOS = YES;
				GCC_WARN_UNUSED_FUNCTION = YES;
				GCC_WARN_UNUSED_PARAMETER = NO;
				GCC_WARN_UNUSED_VALUE = NO;
				GCC_WARN_UNUSED_VARIABLE = NO;
				INSTALL_PATH = /usr/local/lib;
				IPHONEOS_DEPLOYMENT_TARGET = 8.0;
				ONLY_ACTIVE_ARCH = YES;
				OTHER_CFLAGS = (
					"-DDEBUG",
					"-DTI_POST_1_2",
				);
				OTHER_LDFLAGS = "-ObjC";
				PRODUCT_NAME = ComUrbanairship;
				PROVISIONING_PROFILE = "";
				"PROVISIONING_PROFILE[sdk=iphoneos*]" = "";
				RUN_CLANG_STATIC_ANALYZER = NO;
				SDKROOT = iphoneos;
				USER_HEADER_SEARCH_PATHS = "";
			};
			name = Debug;
		};
		1DEB922408733DC00010E9CD /* Release */ = {
			isa = XCBuildConfiguration;
			baseConfigurationReference = 24DD6D1B1134B66800162E58 /* titanium.xcconfig */;
			buildSettings = {
				ALWAYS_SEARCH_USER_PATHS = NO;
				CLANG_ANALYZER_LOCALIZABILITY_NONLOCALIZED = YES;
				CLANG_CXX_LIBRARY = "compiler-default";
				CLANG_WARN_BOOL_CONVERSION = YES;
				CLANG_WARN_CONSTANT_CONVERSION = YES;
				CLANG_WARN_EMPTY_BODY = YES;
				CLANG_WARN_ENUM_CONVERSION = YES;
				CLANG_WARN_INFINITE_RECURSION = YES;
				CLANG_WARN_INT_CONVERSION = YES;
				CLANG_WARN_SUSPICIOUS_MOVE = YES;
				CLANG_WARN_UNREACHABLE_CODE = YES;
				CLANG_WARN__DUPLICATE_METHOD_MATCH = YES;
				DSTROOT = /tmp/ComUrbanairship.dst;
				ENABLE_STRICT_OBJC_MSGSEND = YES;
				GCC_C_LANGUAGE_STANDARD = c99;
				GCC_MODEL_TUNING = G5;
				GCC_NO_COMMON_BLOCKS = YES;
				GCC_PRECOMPILE_PREFIX_HEADER = YES;
				GCC_PREFIX_HEADER = ComUrbanairship_Prefix.pch;
				GCC_PREPROCESSOR_DEFINITIONS = "TI_VERSION=$(TI_VERSION)";
				GCC_TREAT_WARNINGS_AS_ERRORS = NO;
				GCC_VERSION = "";
				GCC_WARN_64_TO_32_BIT_CONVERSION = YES;
				GCC_WARN_ABOUT_RETURN_TYPE = NO;
				GCC_WARN_MISSING_PARENTHESES = NO;
				GCC_WARN_SHADOW = NO;
				GCC_WARN_STRICT_SELECTOR_MATCH = NO;
				GCC_WARN_UNDECLARED_SELECTOR = YES;
				GCC_WARN_UNINITIALIZED_AUTOS = YES;
				GCC_WARN_UNUSED_FUNCTION = YES;
				GCC_WARN_UNUSED_PARAMETER = NO;
				GCC_WARN_UNUSED_VALUE = NO;
				GCC_WARN_UNUSED_VARIABLE = NO;
				INSTALL_PATH = /usr/local/lib;
				IPHONEOS_DEPLOYMENT_TARGET = 8.0;
				OTHER_CFLAGS = "-DTI_POST_1_2";
				OTHER_LDFLAGS = "-ObjC";
				PRODUCT_NAME = ComUrbanairship;
				RUN_CLANG_STATIC_ANALYZER = NO;
				SDKROOT = iphoneos;
				USER_HEADER_SEARCH_PATHS = "";
			};
			name = Release;
		};
		24416B8211C4CA220047AFDD /* Debug */ = {
			isa = XCBuildConfiguration;
			baseConfigurationReference = 24DD6D1B1134B66800162E58 /* titanium.xcconfig */;
			buildSettings = {
				COPY_PHASE_STRIP = NO;
				GCC_DYNAMIC_NO_PIC = NO;
				GCC_OPTIMIZATION_LEVEL = 0;
				PRODUCT_NAME = "Build & test";
			};
			name = Debug;
		};
		24416B8311C4CA220047AFDD /* Release */ = {
			isa = XCBuildConfiguration;
			baseConfigurationReference = 24DD6D1B1134B66800162E58 /* titanium.xcconfig */;
			buildSettings = {
				COPY_PHASE_STRIP = YES;
				DEBUG_INFORMATION_FORMAT = "dwarf-with-dsym";
				GCC_ENABLE_FIX_AND_CONTINUE = NO;
				PRODUCT_NAME = "Build & test";
				ZERO_LINK = NO;
			};
			name = Release;
		};
/* End XCBuildConfiguration section */

/* Begin XCConfigurationList section */
		1DEB921E08733DC00010E9CD /* Build configuration list for PBXNativeTarget "UrbanAirship" */ = {
			isa = XCConfigurationList;
			buildConfigurations = (
				1DEB921F08733DC00010E9CD /* Debug */,
				1DEB922008733DC00010E9CD /* Release */,
			);
			defaultConfigurationIsVisible = 0;
			defaultConfigurationName = Release;
		};
		1DEB922208733DC00010E9CD /* Build configuration list for PBXProject "UrbanAirship" */ = {
			isa = XCConfigurationList;
			buildConfigurations = (
				1DEB922308733DC00010E9CD /* Debug */,
				1DEB922408733DC00010E9CD /* Release */,
			);
			defaultConfigurationIsVisible = 0;
			defaultConfigurationName = Release;
		};
		24416B8A11C4CA520047AFDD /* Build configuration list for PBXAggregateTarget "Build & Test" */ = {
			isa = XCConfigurationList;
			buildConfigurations = (
				24416B8211C4CA220047AFDD /* Debug */,
				24416B8311C4CA220047AFDD /* Release */,
			);
			defaultConfigurationIsVisible = 0;
			defaultConfigurationName = Release;
		};
/* End XCConfigurationList section */
	};
	rootObject = 0867D690FE84028FC02AAC07 /* Project object */;
}
