// !$*UTF8*$!
{
	archiveVersion = 1;
	classes = {
	};
	objectVersion = 46;
	objects = {

/* Begin PBXAggregateTarget section */
		24416B8111C4CA220047AFDD /* Build & Test */ = {
			isa = PBXAggregateTarget;
			buildConfigurationList = 24416B8A11C4CA520047AFDD /* Build configuration list for PBXAggregateTarget "Build & Test" */;
			buildPhases = (
				24416B8011C4CA220047AFDD /* ShellScript */,
			);
			dependencies = (
				24416B8511C4CA280047AFDD /* PBXTargetDependency */,
			);
			name = "Build & Test";
			productName = "Build & test";
		};
/* End PBXAggregateTarget section */

/* Begin PBXBuildFile section */
		24DD6CF91134B3F500162E58 /* ComUrbanairshipModule.h in Headers */ = {isa = PBXBuildFile; fileRef = 24DD6CF71134B3F500162E58 /* ComUrbanairshipModule.h */; };
		24DD6CFA1134B3F500162E58 /* ComUrbanairshipModule.m in Sources */ = {isa = PBXBuildFile; fileRef = 24DD6CF81134B3F500162E58 /* ComUrbanairshipModule.m */; };
		24DE9E1111C5FE74003F90F6 /* ComUrbanairshipModuleAssets.h in Headers */ = {isa = PBXBuildFile; fileRef = 24DE9E0F11C5FE74003F90F6 /* ComUrbanairshipModuleAssets.h */; };
		24DE9E1211C5FE74003F90F6 /* ComUrbanairshipModuleAssets.m in Sources */ = {isa = PBXBuildFile; fileRef = 24DE9E1011C5FE74003F90F6 /* ComUrbanairshipModuleAssets.m */; };
		AA747D9F0F9514B9006C5449 /* ComUrbanairship_Prefix.pch in Headers */ = {isa = PBXBuildFile; fileRef = AA747D9E0F9514B9006C5449 /* ComUrbanairship_Prefix.pch */; };
		AACBBE4A0F95108600F1A2B1 /* Foundation.framework in Frameworks */ = {isa = PBXBuildFile; fileRef = AACBBE490F95108600F1A2B1 /* Foundation.framework */; };
		CCDD0C4B1CC01B4E00467979 /* AirshipLib.h in Headers */ = {isa = PBXBuildFile; fileRef = CCDD0BEA1CC01B4E00467979 /* AirshipLib.h */; };
		CCDD0C4C1CC01B4E00467979 /* UANativeBridge.h in Headers */ = {isa = PBXBuildFile; fileRef = CCDD0BED1CC01B4E00467979 /* UANativeBridge.h */; };
		CCDD0C4D1CC01B4E00467979 /* UALandingPageAction.h in Headers */ = {isa = PBXBuildFile; fileRef = CCDD0BEF1CC01B4E00467979 /* UALandingPageAction.h */; };
		CCDD0C4E1CC01B4E00467979 /* NSJSONSerialization+UAAdditions.h in Headers */ = {isa = PBXBuildFile; fileRef = CCDD0BF01CC01B4E00467979 /* NSJSONSerialization+UAAdditions.h */; };
		CCDD0C4F1CC01B4E00467979 /* NSString+UALocalizationAdditions.h in Headers */ = {isa = PBXBuildFile; fileRef = CCDD0BF11CC01B4E00467979 /* NSString+UALocalizationAdditions.h */; };
		CCDD0C501CC01B4E00467979 /* NSString+UAURLEncoding.h in Headers */ = {isa = PBXBuildFile; fileRef = CCDD0BF21CC01B4E00467979 /* NSString+UAURLEncoding.h */; };
		CCDD0C511CC01B4E00467979 /* UAAction+Operators.h in Headers */ = {isa = PBXBuildFile; fileRef = CCDD0BF31CC01B4E00467979 /* UAAction+Operators.h */; };
		CCDD0C521CC01B4E00467979 /* UAAction.h in Headers */ = {isa = PBXBuildFile; fileRef = CCDD0BF41CC01B4E00467979 /* UAAction.h */; };
		CCDD0C531CC01B4E00467979 /* UAActionArguments.h in Headers */ = {isa = PBXBuildFile; fileRef = CCDD0BF51CC01B4E00467979 /* UAActionArguments.h */; };
		CCDD0C541CC01B4E00467979 /* UAActionJSDelegate.h in Headers */ = {isa = PBXBuildFile; fileRef = CCDD0BF61CC01B4E00467979 /* UAActionJSDelegate.h */; };
		CCDD0C551CC01B4E00467979 /* UAActionRegistry.h in Headers */ = {isa = PBXBuildFile; fileRef = CCDD0BF71CC01B4E00467979 /* UAActionRegistry.h */; };
		CCDD0C561CC01B4E00467979 /* UAActionRegistryEntry.h in Headers */ = {isa = PBXBuildFile; fileRef = CCDD0BF81CC01B4E00467979 /* UAActionRegistryEntry.h */; };
		CCDD0C571CC01B4E00467979 /* UAActionResult.h in Headers */ = {isa = PBXBuildFile; fileRef = CCDD0BF91CC01B4E00467979 /* UAActionResult.h */; };
		CCDD0C581CC01B4E00467979 /* UAActionRunner.h in Headers */ = {isa = PBXBuildFile; fileRef = CCDD0BFA1CC01B4E00467979 /* UAActionRunner.h */; };
		CCDD0C591CC01B4E00467979 /* UAActivityViewController.h in Headers */ = {isa = PBXBuildFile; fileRef = CCDD0BFB1CC01B4E00467979 /* UAActivityViewController.h */; };
		CCDD0C5A1CC01B4E00467979 /* UAAddCustomEventAction.h in Headers */ = {isa = PBXBuildFile; fileRef = CCDD0BFC1CC01B4E00467979 /* UAAddCustomEventAction.h */; };
		CCDD0C5B1CC01B4E00467979 /* UAAddTagsAction.h in Headers */ = {isa = PBXBuildFile; fileRef = CCDD0BFD1CC01B4E00467979 /* UAAddTagsAction.h */; };
		CCDD0C5C1CC01B4E00467979 /* UAAggregateActionResult.h in Headers */ = {isa = PBXBuildFile; fileRef = CCDD0BFE1CC01B4E00467979 /* UAAggregateActionResult.h */; };
		CCDD0C5D1CC01B4E00467979 /* UAAnalytics.h in Headers */ = {isa = PBXBuildFile; fileRef = CCDD0BFF1CC01B4E00467979 /* UAAnalytics.h */; };
		CCDD0C5E1CC01B4E00467979 /* UAApplicationMetrics.h in Headers */ = {isa = PBXBuildFile; fileRef = CCDD0C001CC01B4E00467979 /* UAApplicationMetrics.h */; };
		CCDD0C5F1CC01B4E00467979 /* UAAssociatedIdentifiers.h in Headers */ = {isa = PBXBuildFile; fileRef = CCDD0C011CC01B4E00467979 /* UAAssociatedIdentifiers.h */; };
		CCDD0C601CC01B4E00467979 /* UABaseLocationProvider.h in Headers */ = {isa = PBXBuildFile; fileRef = CCDD0C021CC01B4E00467979 /* UABaseLocationProvider.h */; };
		CCDD0C611CC01B4E00467979 /* UABespokeCloseView.h in Headers */ = {isa = PBXBuildFile; fileRef = CCDD0C031CC01B4E00467979 /* UABespokeCloseView.h */; };
		CCDD0C621CC01B4E00467979 /* UABeveledLoadingIndicator.h in Headers */ = {isa = PBXBuildFile; fileRef = CCDD0C041CC01B4E00467979 /* UABeveledLoadingIndicator.h */; };
		CCDD0C631CC01B4E00467979 /* UAChannelCapture.h in Headers */ = {isa = PBXBuildFile; fileRef = CCDD0C051CC01B4E00467979 /* UAChannelCapture.h */; };
		CCDD0C641CC01B4E00467979 /* UACircularRegion.h in Headers */ = {isa = PBXBuildFile; fileRef = CCDD0C061CC01B4E00467979 /* UACircularRegion.h */; };
		CCDD0C651CC01B4E00467979 /* UAConfig.h in Headers */ = {isa = PBXBuildFile; fileRef = CCDD0C071CC01B4E00467979 /* UAConfig.h */; };
		CCDD0C661CC01B4E00467979 /* UACustomEvent.h in Headers */ = {isa = PBXBuildFile; fileRef = CCDD0C081CC01B4E00467979 /* UACustomEvent.h */; };
		CCDD0C671CC01B4E00467979 /* UADefaultMessageCenter.h in Headers */ = {isa = PBXBuildFile; fileRef = CCDD0C091CC01B4E00467979 /* UADefaultMessageCenter.h */; };
		CCDD0C681CC01B4E00467979 /* UADefaultMessageCenterListCell.h in Headers */ = {isa = PBXBuildFile; fileRef = CCDD0C0A1CC01B4E00467979 /* UADefaultMessageCenterListCell.h */; };
		CCDD0C691CC01B4E00467979 /* UADefaultMessageCenterListViewController.h in Headers */ = {isa = PBXBuildFile; fileRef = CCDD0C0B1CC01B4E00467979 /* UADefaultMessageCenterListViewController.h */; };
		CCDD0C6A1CC01B4E00467979 /* UADefaultMessageCenterMessageViewController.h in Headers */ = {isa = PBXBuildFile; fileRef = CCDD0C0C1CC01B4E00467979 /* UADefaultMessageCenterMessageViewController.h */; };
		CCDD0C6B1CC01B4E00467979 /* UADefaultMessageCenterSplitViewController.h in Headers */ = {isa = PBXBuildFile; fileRef = CCDD0C0D1CC01B4E00467979 /* UADefaultMessageCenterSplitViewController.h */; };
		CCDD0C6C1CC01B4E00467979 /* UADefaultMessageCenterStyle.h in Headers */ = {isa = PBXBuildFile; fileRef = CCDD0C0E1CC01B4E00467979 /* UADefaultMessageCenterStyle.h */; };
		CCDD0C6D1CC01B4E00467979 /* UADisplayInboxAction.h in Headers */ = {isa = PBXBuildFile; fileRef = CCDD0C0F1CC01B4E00467979 /* UADisplayInboxAction.h */; };
		CCDD0C6E1CC01B4E00467979 /* UADisposable.h in Headers */ = {isa = PBXBuildFile; fileRef = CCDD0C101CC01B4E00467979 /* UADisposable.h */; };
		CCDD0C6F1CC01B4E00467979 /* UAEvent.h in Headers */ = {isa = PBXBuildFile; fileRef = CCDD0C111CC01B4E00467979 /* UAEvent.h */; };
		CCDD0C701CC01B4E00467979 /* UAGlobal.h in Headers */ = {isa = PBXBuildFile; fileRef = CCDD0C121CC01B4E00467979 /* UAGlobal.h */; };
		CCDD0C711CC01B4E00467979 /* UAInAppMessage.h in Headers */ = {isa = PBXBuildFile; fileRef = CCDD0C131CC01B4E00467979 /* UAInAppMessage.h */; };
		CCDD0C721CC01B4E00467979 /* UAInAppMessageButtonActionBinding.h in Headers */ = {isa = PBXBuildFile; fileRef = CCDD0C141CC01B4E00467979 /* UAInAppMessageButtonActionBinding.h */; };
		CCDD0C731CC01B4E00467979 /* UAInAppMessageControllerDefaultDelegate.h in Headers */ = {isa = PBXBuildFile; fileRef = CCDD0C151CC01B4E00467979 /* UAInAppMessageControllerDefaultDelegate.h */; };
		CCDD0C741CC01B4E00467979 /* UAInAppMessageControllerDelegate.h in Headers */ = {isa = PBXBuildFile; fileRef = CCDD0C161CC01B4E00467979 /* UAInAppMessageControllerDelegate.h */; };
		CCDD0C751CC01B4E00467979 /* UAInAppMessageView.h in Headers */ = {isa = PBXBuildFile; fileRef = CCDD0C171CC01B4E00467979 /* UAInAppMessageView.h */; };
		CCDD0C761CC01B4E00467979 /* UAInAppMessaging.h in Headers */ = {isa = PBXBuildFile; fileRef = CCDD0C181CC01B4E00467979 /* UAInAppMessaging.h */; };
		CCDD0C771CC01B4E00467979 /* UAIncomingInAppMessageAction.h in Headers */ = {isa = PBXBuildFile; fileRef = CCDD0C191CC01B4E00467979 /* UAIncomingInAppMessageAction.h */; };
		CCDD0C781CC01B4E00467979 /* UAInstallAttributionEvent.h in Headers */ = {isa = PBXBuildFile; fileRef = CCDD0C1A1CC01B4E00467979 /* UAInstallAttributionEvent.h */; };
		CCDD0C791CC01B4E00467979 /* UAirship.h in Headers */ = {isa = PBXBuildFile; fileRef = CCDD0C1B1CC01B4E00467979 /* UAirship.h */; };
		CCDD0C7A1CC01B4E00467979 /* UAJavaScriptDelegate.h in Headers */ = {isa = PBXBuildFile; fileRef = CCDD0C1C1CC01B4E00467979 /* UAJavaScriptDelegate.h */; };
		CCDD0C7B1CC01B4E00467979 /* UALandingPageOverlayController.h in Headers */ = {isa = PBXBuildFile; fileRef = CCDD0C1D1CC01B4E00467979 /* UALandingPageOverlayController.h */; };
		CCDD0C7C1CC01B4E00467979 /* UALocationCommonValues.h in Headers */ = {isa = PBXBuildFile; fileRef = CCDD0C1E1CC01B4E00467979 /* UALocationCommonValues.h */; };
		CCDD0C7D1CC01B4E00467979 /* UALocationEvent.h in Headers */ = {isa = PBXBuildFile; fileRef = CCDD0C1F1CC01B4E00467979 /* UALocationEvent.h */; };
		CCDD0C7E1CC01B4E00467979 /* UALocationProviderDelegate.h in Headers */ = {isa = PBXBuildFile; fileRef = CCDD0C201CC01B4E00467979 /* UALocationProviderDelegate.h */; };
		CCDD0C7F1CC01B4E00467979 /* UALocationProviderProtocol.h in Headers */ = {isa = PBXBuildFile; fileRef = CCDD0C211CC01B4E00467979 /* UALocationProviderProtocol.h */; };
		CCDD0C801CC01B4E00467979 /* UALocationService.h in Headers */ = {isa = PBXBuildFile; fileRef = CCDD0C221CC01B4E00467979 /* UALocationService.h */; };
		CCDD0C811CC01B4E00467979 /* UAMessageCenterDateUtils.h in Headers */ = {isa = PBXBuildFile; fileRef = CCDD0C231CC01B4E00467979 /* UAMessageCenterDateUtils.h */; };
		CCDD0C821CC01B4E00467979 /* UAMessageCenterLocalization.h in Headers */ = {isa = PBXBuildFile; fileRef = CCDD0C241CC01B4E00467979 /* UAMessageCenterLocalization.h */; };
		CCDD0C831CC01B4E00467979 /* UAModifyTagsAction.h in Headers */ = {isa = PBXBuildFile; fileRef = CCDD0C251CC01B4E00467979 /* UAModifyTagsAction.h */; };
		CCDD0C841CC01B4E00467979 /* UAOpenExternalURLAction.h in Headers */ = {isa = PBXBuildFile; fileRef = CCDD0C261CC01B4E00467979 /* UAOpenExternalURLAction.h */; };
		CCDD0C851CC01B4E00467979 /* UAOverlayInboxMessageAction.h in Headers */ = {isa = PBXBuildFile; fileRef = CCDD0C271CC01B4E00467979 /* UAOverlayInboxMessageAction.h */; };
		CCDD0C861CC01B4E00467979 /* UAPasteboardAction.h in Headers */ = {isa = PBXBuildFile; fileRef = CCDD0C281CC01B4E00467979 /* UAPasteboardAction.h */; };
		CCDD0C871CC01B4E00467979 /* UAProximityRegion.h in Headers */ = {isa = PBXBuildFile; fileRef = CCDD0C291CC01B4E00467979 /* UAProximityRegion.h */; };
		CCDD0C881CC01B4E00467979 /* UARegionEvent.h in Headers */ = {isa = PBXBuildFile; fileRef = CCDD0C2A1CC01B4E00467979 /* UARegionEvent.h */; };
		CCDD0C891CC01B4E00467979 /* UARemoveTagsAction.h in Headers */ = {isa = PBXBuildFile; fileRef = CCDD0C2B1CC01B4E00467979 /* UARemoveTagsAction.h */; };
		CCDD0C8A1CC01B4E00467979 /* UARichContentWindow.h in Headers */ = {isa = PBXBuildFile; fileRef = CCDD0C2C1CC01B4E00467979 /* UARichContentWindow.h */; };
		CCDD0C8B1CC01B4E00467979 /* UAShareAction.h in Headers */ = {isa = PBXBuildFile; fileRef = CCDD0C2D1CC01B4E00467979 /* UAShareAction.h */; };
		CCDD0C8C1CC01B4E00467979 /* UASignificantChangeProvider.h in Headers */ = {isa = PBXBuildFile; fileRef = CCDD0C2E1CC01B4E00467979 /* UASignificantChangeProvider.h */; };
		CCDD0C8D1CC01B4E00467979 /* UAStandardLocationProvider.h in Headers */ = {isa = PBXBuildFile; fileRef = CCDD0C2F1CC01B4E00467979 /* UAStandardLocationProvider.h */; };
		CCDD0C8E1CC01B4E00467979 /* UATagUtils.h in Headers */ = {isa = PBXBuildFile; fileRef = CCDD0C301CC01B4E00467979 /* UATagUtils.h */; };
		CCDD0C8F1CC01B4E00467979 /* UAURLProtocol.h in Headers */ = {isa = PBXBuildFile; fileRef = CCDD0C311CC01B4E00467979 /* UAURLProtocol.h */; };
		CCDD0C901CC01B4E00467979 /* UAUser.h in Headers */ = {isa = PBXBuildFile; fileRef = CCDD0C321CC01B4E00467979 /* UAUser.h */; };
		CCDD0C911CC01B4E00467979 /* UAUserAPIClient.h in Headers */ = {isa = PBXBuildFile; fileRef = CCDD0C331CC01B4E00467979 /* UAUserAPIClient.h */; };
		CCDD0C921CC01B4E00467979 /* UAUtils.h in Headers */ = {isa = PBXBuildFile; fileRef = CCDD0C341CC01B4E00467979 /* UAUtils.h */; };
		CCDD0C931CC01B4E00467979 /* UAWalletAction.h in Headers */ = {isa = PBXBuildFile; fileRef = CCDD0C351CC01B4E00467979 /* UAWalletAction.h */; };
		CCDD0C941CC01B4E00467979 /* UAWebViewCallData.h in Headers */ = {isa = PBXBuildFile; fileRef = CCDD0C361CC01B4E00467979 /* UAWebViewCallData.h */; };
		CCDD0C951CC01B4E00467979 /* UAWebViewDelegate.h in Headers */ = {isa = PBXBuildFile; fileRef = CCDD0C371CC01B4E00467979 /* UAWebViewDelegate.h */; };
		CCDD0C961CC01B4E00467979 /* UAWhitelist.h in Headers */ = {isa = PBXBuildFile; fileRef = CCDD0C381CC01B4E00467979 /* UAWhitelist.h */; };
		CCDD0C971CC01B4E00467979 /* UIWebView+UAAdditions.h in Headers */ = {isa = PBXBuildFile; fileRef = CCDD0C391CC01B4E00467979 /* UIWebView+UAAdditions.h */; };
		CCDD0C981CC01B4E00467979 /* UA_Base64.h in Headers */ = {isa = PBXBuildFile; fileRef = CCDD0C3B1CC01B4E00467979 /* UA_Base64.h */; };
		CCDD0C991CC01B4E00467979 /* UAInbox.h in Headers */ = {isa = PBXBuildFile; fileRef = CCDD0C3D1CC01B4E00467979 /* UAInbox.h */; };
		CCDD0C9A1CC01B4E00467979 /* UAInboxMessage.h in Headers */ = {isa = PBXBuildFile; fileRef = CCDD0C3E1CC01B4E00467979 /* UAInboxMessage.h */; };
		CCDD0C9B1CC01B4E00467979 /* UAInboxMessageList.h in Headers */ = {isa = PBXBuildFile; fileRef = CCDD0C3F1CC01B4E00467979 /* UAInboxMessageList.h */; };
		CCDD0C9C1CC01B4E00467979 /* UAInboxUtils.h in Headers */ = {isa = PBXBuildFile; fileRef = CCDD0C401CC01B4E00467979 /* UAInboxUtils.h */; };
		CCDD0C9D1CC01B4E00467979 /* libUAirship-7.0.4.a in Frameworks */ = {isa = PBXBuildFile; fileRef = CCDD0C411CC01B4E00467979 /* libUAirship-7.0.4.a */; };
		CCDD0C9E1CC01B4E00467979 /* UAChannelRegistrar.h in Headers */ = {isa = PBXBuildFile; fileRef = CCDD0C431CC01B4E00467979 /* UAChannelRegistrar.h */; };
		CCDD0C9F1CC01B4E00467979 /* UAMutableUserNotificationAction.h in Headers */ = {isa = PBXBuildFile; fileRef = CCDD0C441CC01B4E00467979 /* UAMutableUserNotificationAction.h */; };
		CCDD0CA01CC01B4E00467979 /* UAMutableUserNotificationCategory.h in Headers */ = {isa = PBXBuildFile; fileRef = CCDD0C451CC01B4E00467979 /* UAMutableUserNotificationCategory.h */; };
		CCDD0CA11CC01B4E00467979 /* UANamedUser.h in Headers */ = {isa = PBXBuildFile; fileRef = CCDD0C461CC01B4E00467979 /* UANamedUser.h */; };
		CCDD0CA21CC01B4E00467979 /* UAPush.h in Headers */ = {isa = PBXBuildFile; fileRef = CCDD0C471CC01B4E00467979 /* UAPush.h */; };
		CCDD0CA31CC01B4E00467979 /* UAUserNotificationAction.h in Headers */ = {isa = PBXBuildFile; fileRef = CCDD0C481CC01B4E00467979 /* UAUserNotificationAction.h */; };
		CCDD0CA41CC01B4E00467979 /* UAUserNotificationCategories.h in Headers */ = {isa = PBXBuildFile; fileRef = CCDD0C491CC01B4E00467979 /* UAUserNotificationCategories.h */; };
		CCDD0CA51CC01B4E00467979 /* UAUserNotificationCategory.h in Headers */ = {isa = PBXBuildFile; fileRef = CCDD0C4A1CC01B4E00467979 /* UAUserNotificationCategory.h */; };
		CCDD0CAD1CC0424400467979 /* ComUrbanairshipAutopilot.h in Headers */ = {isa = PBXBuildFile; fileRef = CCDD0CAB1CC0424400467979 /* ComUrbanairshipAutopilot.h */; };
		CCDD0CAE1CC0424400467979 /* ComUrbanairshipAutopilot.m in Sources */ = {isa = PBXBuildFile; fileRef = CCDD0CAC1CC0424400467979 /* ComUrbanairshipAutopilot.m */; };
/* End PBXBuildFile section */

/* Begin PBXContainerItemProxy section */
		24416B8411C4CA280047AFDD /* PBXContainerItemProxy */ = {
			isa = PBXContainerItemProxy;
			containerPortal = 0867D690FE84028FC02AAC07 /* Project object */;
			proxyType = 1;
			remoteGlobalIDString = D2AAC07D0554694100DB518D;
			remoteInfo = UrbanAirship;
		};
/* End PBXContainerItemProxy section */

/* Begin PBXFileReference section */
		24DD6CF71134B3F500162E58 /* ComUrbanairshipModule.h */ = {isa = PBXFileReference; fileEncoding = 4; lastKnownFileType = sourcecode.c.h; name = ComUrbanairshipModule.h; path = Classes/ComUrbanairshipModule.h; sourceTree = "<group>"; };
		24DD6CF81134B3F500162E58 /* ComUrbanairshipModule.m */ = {isa = PBXFileReference; fileEncoding = 4; lastKnownFileType = sourcecode.c.objc; name = ComUrbanairshipModule.m; path = Classes/ComUrbanairshipModule.m; sourceTree = "<group>"; };
		24DD6D1B1134B66800162E58 /* titanium.xcconfig */ = {isa = PBXFileReference; fileEncoding = 4; lastKnownFileType = text.xcconfig; path = titanium.xcconfig; sourceTree = "<group>"; };
		24DE9E0F11C5FE74003F90F6 /* ComUrbanairshipModuleAssets.h */ = {isa = PBXFileReference; fileEncoding = 4; lastKnownFileType = sourcecode.c.h; name = ComUrbanairshipModuleAssets.h; path = Classes/ComUrbanairshipModuleAssets.h; sourceTree = "<group>"; };
		24DE9E1011C5FE74003F90F6 /* ComUrbanairshipModuleAssets.m */ = {isa = PBXFileReference; fileEncoding = 4; lastKnownFileType = sourcecode.c.objc; name = ComUrbanairshipModuleAssets.m; path = Classes/ComUrbanairshipModuleAssets.m; sourceTree = "<group>"; };
		AA747D9E0F9514B9006C5449 /* ComUrbanairship_Prefix.pch */ = {isa = PBXFileReference; fileEncoding = 4; lastKnownFileType = sourcecode.c.h; path = ComUrbanairship_Prefix.pch; sourceTree = SOURCE_ROOT; };
		AACBBE490F95108600F1A2B1 /* Foundation.framework */ = {isa = PBXFileReference; lastKnownFileType = wrapper.framework; name = Foundation.framework; path = System/Library/Frameworks/Foundation.framework; sourceTree = SDKROOT; };
		CCDD0BEA1CC01B4E00467979 /* AirshipLib.h */ = {isa = PBXFileReference; fileEncoding = 4; lastKnownFileType = sourcecode.c.h; path = AirshipLib.h; sourceTree = "<group>"; };
		CCDD0BED1CC01B4E00467979 /* UANativeBridge.h */ = {isa = PBXFileReference; fileEncoding = 4; lastKnownFileType = sourcecode.c.h; path = UANativeBridge.h; sourceTree = "<group>"; };
		CCDD0BEF1CC01B4E00467979 /* UALandingPageAction.h */ = {isa = PBXFileReference; fileEncoding = 4; lastKnownFileType = sourcecode.c.h; path = UALandingPageAction.h; sourceTree = "<group>"; };
		CCDD0BF01CC01B4E00467979 /* NSJSONSerialization+UAAdditions.h */ = {isa = PBXFileReference; fileEncoding = 4; lastKnownFileType = sourcecode.c.h; path = "NSJSONSerialization+UAAdditions.h"; sourceTree = "<group>"; };
		CCDD0BF11CC01B4E00467979 /* NSString+UALocalizationAdditions.h */ = {isa = PBXFileReference; fileEncoding = 4; lastKnownFileType = sourcecode.c.h; path = "NSString+UALocalizationAdditions.h"; sourceTree = "<group>"; };
		CCDD0BF21CC01B4E00467979 /* NSString+UAURLEncoding.h */ = {isa = PBXFileReference; fileEncoding = 4; lastKnownFileType = sourcecode.c.h; path = "NSString+UAURLEncoding.h"; sourceTree = "<group>"; };
		CCDD0BF31CC01B4E00467979 /* UAAction+Operators.h */ = {isa = PBXFileReference; fileEncoding = 4; lastKnownFileType = sourcecode.c.h; path = "UAAction+Operators.h"; sourceTree = "<group>"; };
		CCDD0BF41CC01B4E00467979 /* UAAction.h */ = {isa = PBXFileReference; fileEncoding = 4; lastKnownFileType = sourcecode.c.h; path = UAAction.h; sourceTree = "<group>"; };
		CCDD0BF51CC01B4E00467979 /* UAActionArguments.h */ = {isa = PBXFileReference; fileEncoding = 4; lastKnownFileType = sourcecode.c.h; path = UAActionArguments.h; sourceTree = "<group>"; };
		CCDD0BF61CC01B4E00467979 /* UAActionJSDelegate.h */ = {isa = PBXFileReference; fileEncoding = 4; lastKnownFileType = sourcecode.c.h; path = UAActionJSDelegate.h; sourceTree = "<group>"; };
		CCDD0BF71CC01B4E00467979 /* UAActionRegistry.h */ = {isa = PBXFileReference; fileEncoding = 4; lastKnownFileType = sourcecode.c.h; path = UAActionRegistry.h; sourceTree = "<group>"; };
		CCDD0BF81CC01B4E00467979 /* UAActionRegistryEntry.h */ = {isa = PBXFileReference; fileEncoding = 4; lastKnownFileType = sourcecode.c.h; path = UAActionRegistryEntry.h; sourceTree = "<group>"; };
		CCDD0BF91CC01B4E00467979 /* UAActionResult.h */ = {isa = PBXFileReference; fileEncoding = 4; lastKnownFileType = sourcecode.c.h; path = UAActionResult.h; sourceTree = "<group>"; };
		CCDD0BFA1CC01B4E00467979 /* UAActionRunner.h */ = {isa = PBXFileReference; fileEncoding = 4; lastKnownFileType = sourcecode.c.h; path = UAActionRunner.h; sourceTree = "<group>"; };
		CCDD0BFB1CC01B4E00467979 /* UAActivityViewController.h */ = {isa = PBXFileReference; fileEncoding = 4; lastKnownFileType = sourcecode.c.h; path = UAActivityViewController.h; sourceTree = "<group>"; };
		CCDD0BFC1CC01B4E00467979 /* UAAddCustomEventAction.h */ = {isa = PBXFileReference; fileEncoding = 4; lastKnownFileType = sourcecode.c.h; path = UAAddCustomEventAction.h; sourceTree = "<group>"; };
		CCDD0BFD1CC01B4E00467979 /* UAAddTagsAction.h */ = {isa = PBXFileReference; fileEncoding = 4; lastKnownFileType = sourcecode.c.h; path = UAAddTagsAction.h; sourceTree = "<group>"; };
		CCDD0BFE1CC01B4E00467979 /* UAAggregateActionResult.h */ = {isa = PBXFileReference; fileEncoding = 4; lastKnownFileType = sourcecode.c.h; path = UAAggregateActionResult.h; sourceTree = "<group>"; };
		CCDD0BFF1CC01B4E00467979 /* UAAnalytics.h */ = {isa = PBXFileReference; fileEncoding = 4; lastKnownFileType = sourcecode.c.h; path = UAAnalytics.h; sourceTree = "<group>"; };
		CCDD0C001CC01B4E00467979 /* UAApplicationMetrics.h */ = {isa = PBXFileReference; fileEncoding = 4; lastKnownFileType = sourcecode.c.h; path = UAApplicationMetrics.h; sourceTree = "<group>"; };
		CCDD0C011CC01B4E00467979 /* UAAssociatedIdentifiers.h */ = {isa = PBXFileReference; fileEncoding = 4; lastKnownFileType = sourcecode.c.h; path = UAAssociatedIdentifiers.h; sourceTree = "<group>"; };
		CCDD0C021CC01B4E00467979 /* UABaseLocationProvider.h */ = {isa = PBXFileReference; fileEncoding = 4; lastKnownFileType = sourcecode.c.h; path = UABaseLocationProvider.h; sourceTree = "<group>"; };
		CCDD0C031CC01B4E00467979 /* UABespokeCloseView.h */ = {isa = PBXFileReference; fileEncoding = 4; lastKnownFileType = sourcecode.c.h; path = UABespokeCloseView.h; sourceTree = "<group>"; };
		CCDD0C041CC01B4E00467979 /* UABeveledLoadingIndicator.h */ = {isa = PBXFileReference; fileEncoding = 4; lastKnownFileType = sourcecode.c.h; path = UABeveledLoadingIndicator.h; sourceTree = "<group>"; };
		CCDD0C051CC01B4E00467979 /* UAChannelCapture.h */ = {isa = PBXFileReference; fileEncoding = 4; lastKnownFileType = sourcecode.c.h; path = UAChannelCapture.h; sourceTree = "<group>"; };
		CCDD0C061CC01B4E00467979 /* UACircularRegion.h */ = {isa = PBXFileReference; fileEncoding = 4; lastKnownFileType = sourcecode.c.h; path = UACircularRegion.h; sourceTree = "<group>"; };
		CCDD0C071CC01B4E00467979 /* UAConfig.h */ = {isa = PBXFileReference; fileEncoding = 4; lastKnownFileType = sourcecode.c.h; path = UAConfig.h; sourceTree = "<group>"; };
		CCDD0C081CC01B4E00467979 /* UACustomEvent.h */ = {isa = PBXFileReference; fileEncoding = 4; lastKnownFileType = sourcecode.c.h; path = UACustomEvent.h; sourceTree = "<group>"; };
		CCDD0C091CC01B4E00467979 /* UADefaultMessageCenter.h */ = {isa = PBXFileReference; fileEncoding = 4; lastKnownFileType = sourcecode.c.h; path = UADefaultMessageCenter.h; sourceTree = "<group>"; };
		CCDD0C0A1CC01B4E00467979 /* UADefaultMessageCenterListCell.h */ = {isa = PBXFileReference; fileEncoding = 4; lastKnownFileType = sourcecode.c.h; path = UADefaultMessageCenterListCell.h; sourceTree = "<group>"; };
		CCDD0C0B1CC01B4E00467979 /* UADefaultMessageCenterListViewController.h */ = {isa = PBXFileReference; fileEncoding = 4; lastKnownFileType = sourcecode.c.h; path = UADefaultMessageCenterListViewController.h; sourceTree = "<group>"; };
		CCDD0C0C1CC01B4E00467979 /* UADefaultMessageCenterMessageViewController.h */ = {isa = PBXFileReference; fileEncoding = 4; lastKnownFileType = sourcecode.c.h; path = UADefaultMessageCenterMessageViewController.h; sourceTree = "<group>"; };
		CCDD0C0D1CC01B4E00467979 /* UADefaultMessageCenterSplitViewController.h */ = {isa = PBXFileReference; fileEncoding = 4; lastKnownFileType = sourcecode.c.h; path = UADefaultMessageCenterSplitViewController.h; sourceTree = "<group>"; };
		CCDD0C0E1CC01B4E00467979 /* UADefaultMessageCenterStyle.h */ = {isa = PBXFileReference; fileEncoding = 4; lastKnownFileType = sourcecode.c.h; path = UADefaultMessageCenterStyle.h; sourceTree = "<group>"; };
		CCDD0C0F1CC01B4E00467979 /* UADisplayInboxAction.h */ = {isa = PBXFileReference; fileEncoding = 4; lastKnownFileType = sourcecode.c.h; path = UADisplayInboxAction.h; sourceTree = "<group>"; };
		CCDD0C101CC01B4E00467979 /* UADisposable.h */ = {isa = PBXFileReference; fileEncoding = 4; lastKnownFileType = sourcecode.c.h; path = UADisposable.h; sourceTree = "<group>"; };
		CCDD0C111CC01B4E00467979 /* UAEvent.h */ = {isa = PBXFileReference; fileEncoding = 4; lastKnownFileType = sourcecode.c.h; path = UAEvent.h; sourceTree = "<group>"; };
		CCDD0C121CC01B4E00467979 /* UAGlobal.h */ = {isa = PBXFileReference; fileEncoding = 4; lastKnownFileType = sourcecode.c.h; path = UAGlobal.h; sourceTree = "<group>"; };
		CCDD0C131CC01B4E00467979 /* UAInAppMessage.h */ = {isa = PBXFileReference; fileEncoding = 4; lastKnownFileType = sourcecode.c.h; path = UAInAppMessage.h; sourceTree = "<group>"; };
		CCDD0C141CC01B4E00467979 /* UAInAppMessageButtonActionBinding.h */ = {isa = PBXFileReference; fileEncoding = 4; lastKnownFileType = sourcecode.c.h; path = UAInAppMessageButtonActionBinding.h; sourceTree = "<group>"; };
		CCDD0C151CC01B4E00467979 /* UAInAppMessageControllerDefaultDelegate.h */ = {isa = PBXFileReference; fileEncoding = 4; lastKnownFileType = sourcecode.c.h; path = UAInAppMessageControllerDefaultDelegate.h; sourceTree = "<group>"; };
		CCDD0C161CC01B4E00467979 /* UAInAppMessageControllerDelegate.h */ = {isa = PBXFileReference; fileEncoding = 4; lastKnownFileType = sourcecode.c.h; path = UAInAppMessageControllerDelegate.h; sourceTree = "<group>"; };
		CCDD0C171CC01B4E00467979 /* UAInAppMessageView.h */ = {isa = PBXFileReference; fileEncoding = 4; lastKnownFileType = sourcecode.c.h; path = UAInAppMessageView.h; sourceTree = "<group>"; };
		CCDD0C181CC01B4E00467979 /* UAInAppMessaging.h */ = {isa = PBXFileReference; fileEncoding = 4; lastKnownFileType = sourcecode.c.h; path = UAInAppMessaging.h; sourceTree = "<group>"; };
		CCDD0C191CC01B4E00467979 /* UAIncomingInAppMessageAction.h */ = {isa = PBXFileReference; fileEncoding = 4; lastKnownFileType = sourcecode.c.h; path = UAIncomingInAppMessageAction.h; sourceTree = "<group>"; };
		CCDD0C1A1CC01B4E00467979 /* UAInstallAttributionEvent.h */ = {isa = PBXFileReference; fileEncoding = 4; lastKnownFileType = sourcecode.c.h; path = UAInstallAttributionEvent.h; sourceTree = "<group>"; };
		CCDD0C1B1CC01B4E00467979 /* UAirship.h */ = {isa = PBXFileReference; fileEncoding = 4; lastKnownFileType = sourcecode.c.h; path = UAirship.h; sourceTree = "<group>"; };
		CCDD0C1C1CC01B4E00467979 /* UAJavaScriptDelegate.h */ = {isa = PBXFileReference; fileEncoding = 4; lastKnownFileType = sourcecode.c.h; path = UAJavaScriptDelegate.h; sourceTree = "<group>"; };
		CCDD0C1D1CC01B4E00467979 /* UALandingPageOverlayController.h */ = {isa = PBXFileReference; fileEncoding = 4; lastKnownFileType = sourcecode.c.h; path = UALandingPageOverlayController.h; sourceTree = "<group>"; };
		CCDD0C1E1CC01B4E00467979 /* UALocationCommonValues.h */ = {isa = PBXFileReference; fileEncoding = 4; lastKnownFileType = sourcecode.c.h; path = UALocationCommonValues.h; sourceTree = "<group>"; };
		CCDD0C1F1CC01B4E00467979 /* UALocationEvent.h */ = {isa = PBXFileReference; fileEncoding = 4; lastKnownFileType = sourcecode.c.h; path = UALocationEvent.h; sourceTree = "<group>"; };
		CCDD0C201CC01B4E00467979 /* UALocationProviderDelegate.h */ = {isa = PBXFileReference; fileEncoding = 4; lastKnownFileType = sourcecode.c.h; path = UALocationProviderDelegate.h; sourceTree = "<group>"; };
		CCDD0C211CC01B4E00467979 /* UALocationProviderProtocol.h */ = {isa = PBXFileReference; fileEncoding = 4; lastKnownFileType = sourcecode.c.h; path = UALocationProviderProtocol.h; sourceTree = "<group>"; };
		CCDD0C221CC01B4E00467979 /* UALocationService.h */ = {isa = PBXFileReference; fileEncoding = 4; lastKnownFileType = sourcecode.c.h; path = UALocationService.h; sourceTree = "<group>"; };
		CCDD0C231CC01B4E00467979 /* UAMessageCenterDateUtils.h */ = {isa = PBXFileReference; fileEncoding = 4; lastKnownFileType = sourcecode.c.h; path = UAMessageCenterDateUtils.h; sourceTree = "<group>"; };
		CCDD0C241CC01B4E00467979 /* UAMessageCenterLocalization.h */ = {isa = PBXFileReference; fileEncoding = 4; lastKnownFileType = sourcecode.c.h; path = UAMessageCenterLocalization.h; sourceTree = "<group>"; };
		CCDD0C251CC01B4E00467979 /* UAModifyTagsAction.h */ = {isa = PBXFileReference; fileEncoding = 4; lastKnownFileType = sourcecode.c.h; path = UAModifyTagsAction.h; sourceTree = "<group>"; };
		CCDD0C261CC01B4E00467979 /* UAOpenExternalURLAction.h */ = {isa = PBXFileReference; fileEncoding = 4; lastKnownFileType = sourcecode.c.h; path = UAOpenExternalURLAction.h; sourceTree = "<group>"; };
		CCDD0C271CC01B4E00467979 /* UAOverlayInboxMessageAction.h */ = {isa = PBXFileReference; fileEncoding = 4; lastKnownFileType = sourcecode.c.h; path = UAOverlayInboxMessageAction.h; sourceTree = "<group>"; };
		CCDD0C281CC01B4E00467979 /* UAPasteboardAction.h */ = {isa = PBXFileReference; fileEncoding = 4; lastKnownFileType = sourcecode.c.h; path = UAPasteboardAction.h; sourceTree = "<group>"; };
		CCDD0C291CC01B4E00467979 /* UAProximityRegion.h */ = {isa = PBXFileReference; fileEncoding = 4; lastKnownFileType = sourcecode.c.h; path = UAProximityRegion.h; sourceTree = "<group>"; };
		CCDD0C2A1CC01B4E00467979 /* UARegionEvent.h */ = {isa = PBXFileReference; fileEncoding = 4; lastKnownFileType = sourcecode.c.h; path = UARegionEvent.h; sourceTree = "<group>"; };
		CCDD0C2B1CC01B4E00467979 /* UARemoveTagsAction.h */ = {isa = PBXFileReference; fileEncoding = 4; lastKnownFileType = sourcecode.c.h; path = UARemoveTagsAction.h; sourceTree = "<group>"; };
		CCDD0C2C1CC01B4E00467979 /* UARichContentWindow.h */ = {isa = PBXFileReference; fileEncoding = 4; lastKnownFileType = sourcecode.c.h; path = UARichContentWindow.h; sourceTree = "<group>"; };
		CCDD0C2D1CC01B4E00467979 /* UAShareAction.h */ = {isa = PBXFileReference; fileEncoding = 4; lastKnownFileType = sourcecode.c.h; path = UAShareAction.h; sourceTree = "<group>"; };
		CCDD0C2E1CC01B4E00467979 /* UASignificantChangeProvider.h */ = {isa = PBXFileReference; fileEncoding = 4; lastKnownFileType = sourcecode.c.h; path = UASignificantChangeProvider.h; sourceTree = "<group>"; };
		CCDD0C2F1CC01B4E00467979 /* UAStandardLocationProvider.h */ = {isa = PBXFileReference; fileEncoding = 4; lastKnownFileType = sourcecode.c.h; path = UAStandardLocationProvider.h; sourceTree = "<group>"; };
		CCDD0C301CC01B4E00467979 /* UATagUtils.h */ = {isa = PBXFileReference; fileEncoding = 4; lastKnownFileType = sourcecode.c.h; path = UATagUtils.h; sourceTree = "<group>"; };
		CCDD0C311CC01B4E00467979 /* UAURLProtocol.h */ = {isa = PBXFileReference; fileEncoding = 4; lastKnownFileType = sourcecode.c.h; path = UAURLProtocol.h; sourceTree = "<group>"; };
		CCDD0C321CC01B4E00467979 /* UAUser.h */ = {isa = PBXFileReference; fileEncoding = 4; lastKnownFileType = sourcecode.c.h; path = UAUser.h; sourceTree = "<group>"; };
		CCDD0C331CC01B4E00467979 /* UAUserAPIClient.h */ = {isa = PBXFileReference; fileEncoding = 4; lastKnownFileType = sourcecode.c.h; path = UAUserAPIClient.h; sourceTree = "<group>"; };
		CCDD0C341CC01B4E00467979 /* UAUtils.h */ = {isa = PBXFileReference; fileEncoding = 4; lastKnownFileType = sourcecode.c.h; path = UAUtils.h; sourceTree = "<group>"; };
		CCDD0C351CC01B4E00467979 /* UAWalletAction.h */ = {isa = PBXFileReference; fileEncoding = 4; lastKnownFileType = sourcecode.c.h; path = UAWalletAction.h; sourceTree = "<group>"; };
		CCDD0C361CC01B4E00467979 /* UAWebViewCallData.h */ = {isa = PBXFileReference; fileEncoding = 4; lastKnownFileType = sourcecode.c.h; path = UAWebViewCallData.h; sourceTree = "<group>"; };
		CCDD0C371CC01B4E00467979 /* UAWebViewDelegate.h */ = {isa = PBXFileReference; fileEncoding = 4; lastKnownFileType = sourcecode.c.h; path = UAWebViewDelegate.h; sourceTree = "<group>"; };
		CCDD0C381CC01B4E00467979 /* UAWhitelist.h */ = {isa = PBXFileReference; fileEncoding = 4; lastKnownFileType = sourcecode.c.h; path = UAWhitelist.h; sourceTree = "<group>"; };
		CCDD0C391CC01B4E00467979 /* UIWebView+UAAdditions.h */ = {isa = PBXFileReference; fileEncoding = 4; lastKnownFileType = sourcecode.c.h; path = "UIWebView+UAAdditions.h"; sourceTree = "<group>"; };
		CCDD0C3B1CC01B4E00467979 /* UA_Base64.h */ = {isa = PBXFileReference; fileEncoding = 4; lastKnownFileType = sourcecode.c.h; path = UA_Base64.h; sourceTree = "<group>"; };
		CCDD0C3D1CC01B4E00467979 /* UAInbox.h */ = {isa = PBXFileReference; fileEncoding = 4; lastKnownFileType = sourcecode.c.h; path = UAInbox.h; sourceTree = "<group>"; };
		CCDD0C3E1CC01B4E00467979 /* UAInboxMessage.h */ = {isa = PBXFileReference; fileEncoding = 4; lastKnownFileType = sourcecode.c.h; path = UAInboxMessage.h; sourceTree = "<group>"; };
		CCDD0C3F1CC01B4E00467979 /* UAInboxMessageList.h */ = {isa = PBXFileReference; fileEncoding = 4; lastKnownFileType = sourcecode.c.h; path = UAInboxMessageList.h; sourceTree = "<group>"; };
		CCDD0C401CC01B4E00467979 /* UAInboxUtils.h */ = {isa = PBXFileReference; fileEncoding = 4; lastKnownFileType = sourcecode.c.h; path = UAInboxUtils.h; sourceTree = "<group>"; };
		CCDD0C411CC01B4E00467979 /* libUAirship-7.0.4.a */ = {isa = PBXFileReference; lastKnownFileType = archive.ar; path = "libUAirship-7.0.4.a"; sourceTree = "<group>"; };
		CCDD0C431CC01B4E00467979 /* UAChannelRegistrar.h */ = {isa = PBXFileReference; fileEncoding = 4; lastKnownFileType = sourcecode.c.h; path = UAChannelRegistrar.h; sourceTree = "<group>"; };
		CCDD0C441CC01B4E00467979 /* UAMutableUserNotificationAction.h */ = {isa = PBXFileReference; fileEncoding = 4; lastKnownFileType = sourcecode.c.h; path = UAMutableUserNotificationAction.h; sourceTree = "<group>"; };
		CCDD0C451CC01B4E00467979 /* UAMutableUserNotificationCategory.h */ = {isa = PBXFileReference; fileEncoding = 4; lastKnownFileType = sourcecode.c.h; path = UAMutableUserNotificationCategory.h; sourceTree = "<group>"; };
		CCDD0C461CC01B4E00467979 /* UANamedUser.h */ = {isa = PBXFileReference; fileEncoding = 4; lastKnownFileType = sourcecode.c.h; path = UANamedUser.h; sourceTree = "<group>"; };
		CCDD0C471CC01B4E00467979 /* UAPush.h */ = {isa = PBXFileReference; fileEncoding = 4; lastKnownFileType = sourcecode.c.h; path = UAPush.h; sourceTree = "<group>"; };
		CCDD0C481CC01B4E00467979 /* UAUserNotificationAction.h */ = {isa = PBXFileReference; fileEncoding = 4; lastKnownFileType = sourcecode.c.h; path = UAUserNotificationAction.h; sourceTree = "<group>"; };
		CCDD0C491CC01B4E00467979 /* UAUserNotificationCategories.h */ = {isa = PBXFileReference; fileEncoding = 4; lastKnownFileType = sourcecode.c.h; path = UAUserNotificationCategories.h; sourceTree = "<group>"; };
		CCDD0C4A1CC01B4E00467979 /* UAUserNotificationCategory.h */ = {isa = PBXFileReference; fileEncoding = 4; lastKnownFileType = sourcecode.c.h; path = UAUserNotificationCategory.h; sourceTree = "<group>"; };
		CCDD0CAB1CC0424400467979 /* ComUrbanairshipAutopilot.h */ = {isa = PBXFileReference; fileEncoding = 4; lastKnownFileType = sourcecode.c.h; name = ComUrbanairshipAutopilot.h; path = Classes/ComUrbanairshipAutopilot.h; sourceTree = "<group>"; };
		CCDD0CAC1CC0424400467979 /* ComUrbanairshipAutopilot.m */ = {isa = PBXFileReference; fileEncoding = 4; lastKnownFileType = sourcecode.c.objc; name = ComUrbanairshipAutopilot.m; path = Classes/ComUrbanairshipAutopilot.m; sourceTree = "<group>"; };
		D2AAC07E0554694100DB518D /* libComUrbanairship.a */ = {isa = PBXFileReference; explicitFileType = archive.ar; includeInIndex = 0; path = libComUrbanairship.a; sourceTree = BUILT_PRODUCTS_DIR; };
/* End PBXFileReference section */

/* Begin PBXFrameworksBuildPhase section */
		D2AAC07C0554694100DB518D /* Frameworks */ = {
			isa = PBXFrameworksBuildPhase;
			buildActionMask = 2147483647;
			files = (
				CCDD0C9D1CC01B4E00467979 /* libUAirship-7.0.4.a in Frameworks */,
				AACBBE4A0F95108600F1A2B1 /* Foundation.framework in Frameworks */,
			);
			runOnlyForDeploymentPostprocessing = 0;
		};
/* End PBXFrameworksBuildPhase section */

/* Begin PBXGroup section */
		034768DFFF38A50411DB9C8B /* Products */ = {
			isa = PBXGroup;
			children = (
				D2AAC07E0554694100DB518D /* libComUrbanairship.a */,
			);
			name = Products;
			sourceTree = "<group>";
		};
		0867D691FE84028FC02AAC07 /* UrbanAirship */ = {
			isa = PBXGroup;
			children = (
				CCDD0BE91CC01B4E00467979 /* Airship */,
				08FB77AEFE84172EC02AAC07 /* Classes */,
				32C88DFF0371C24200C91783 /* Other Sources */,
				0867D69AFE84028FC02AAC07 /* Frameworks */,
				034768DFFF38A50411DB9C8B /* Products */,
			);
			name = UrbanAirship;
			sourceTree = "<group>";
		};
		0867D69AFE84028FC02AAC07 /* Frameworks */ = {
			isa = PBXGroup;
			children = (
				AACBBE490F95108600F1A2B1 /* Foundation.framework */,
			);
			name = Frameworks;
			sourceTree = "<group>";
		};
		08FB77AEFE84172EC02AAC07 /* Classes */ = {
			isa = PBXGroup;
			children = (
				24DE9E0F11C5FE74003F90F6 /* ComUrbanairshipModuleAssets.h */,
				24DE9E1011C5FE74003F90F6 /* ComUrbanairshipModuleAssets.m */,
				24DD6CF71134B3F500162E58 /* ComUrbanairshipModule.h */,
				24DD6CF81134B3F500162E58 /* ComUrbanairshipModule.m */,
				CCDD0CAB1CC0424400467979 /* ComUrbanairshipAutopilot.h */,
				CCDD0CAC1CC0424400467979 /* ComUrbanairshipAutopilot.m */,
			);
			name = Classes;
			sourceTree = "<group>";
		};
		32C88DFF0371C24200C91783 /* Other Sources */ = {
			isa = PBXGroup;
			children = (
				AA747D9E0F9514B9006C5449 /* ComUrbanairship_Prefix.pch */,
				24DD6D1B1134B66800162E58 /* titanium.xcconfig */,
			);
			name = "Other Sources";
			sourceTree = "<group>";
		};
		CCDD0BE91CC01B4E00467979 /* Airship */ = {
			isa = PBXGroup;
			children = (
				CCDD0BEA1CC01B4E00467979 /* AirshipLib.h */,
				CCDD0BEB1CC01B4E00467979 /* Common */,
				CCDD0C3A1CC01B4E00467979 /* External */,
				CCDD0C3C1CC01B4E00467979 /* Inbox */,
				CCDD0C411CC01B4E00467979 /* libUAirship-7.0.4.a */,
				CCDD0C421CC01B4E00467979 /* Push */,
			);
			path = Airship;
			sourceTree = "<group>";
		};
		CCDD0BEB1CC01B4E00467979 /* Common */ = {
			isa = PBXGroup;
			children = (
				CCDD0BEC1CC01B4E00467979 /* JS */,
				CCDD0BEE1CC01B4E00467979 /* LandingPages */,
				CCDD0BF01CC01B4E00467979 /* NSJSONSerialization+UAAdditions.h */,
				CCDD0BF11CC01B4E00467979 /* NSString+UALocalizationAdditions.h */,
				CCDD0BF21CC01B4E00467979 /* NSString+UAURLEncoding.h */,
				CCDD0BF31CC01B4E00467979 /* UAAction+Operators.h */,
				CCDD0BF41CC01B4E00467979 /* UAAction.h */,
				CCDD0BF51CC01B4E00467979 /* UAActionArguments.h */,
				CCDD0BF61CC01B4E00467979 /* UAActionJSDelegate.h */,
				CCDD0BF71CC01B4E00467979 /* UAActionRegistry.h */,
				CCDD0BF81CC01B4E00467979 /* UAActionRegistryEntry.h */,
				CCDD0BF91CC01B4E00467979 /* UAActionResult.h */,
				CCDD0BFA1CC01B4E00467979 /* UAActionRunner.h */,
				CCDD0BFB1CC01B4E00467979 /* UAActivityViewController.h */,
				CCDD0BFC1CC01B4E00467979 /* UAAddCustomEventAction.h */,
				CCDD0BFD1CC01B4E00467979 /* UAAddTagsAction.h */,
				CCDD0BFE1CC01B4E00467979 /* UAAggregateActionResult.h */,
				CCDD0BFF1CC01B4E00467979 /* UAAnalytics.h */,
				CCDD0C001CC01B4E00467979 /* UAApplicationMetrics.h */,
				CCDD0C011CC01B4E00467979 /* UAAssociatedIdentifiers.h */,
				CCDD0C021CC01B4E00467979 /* UABaseLocationProvider.h */,
				CCDD0C031CC01B4E00467979 /* UABespokeCloseView.h */,
				CCDD0C041CC01B4E00467979 /* UABeveledLoadingIndicator.h */,
				CCDD0C051CC01B4E00467979 /* UAChannelCapture.h */,
				CCDD0C061CC01B4E00467979 /* UACircularRegion.h */,
				CCDD0C071CC01B4E00467979 /* UAConfig.h */,
				CCDD0C081CC01B4E00467979 /* UACustomEvent.h */,
				CCDD0C091CC01B4E00467979 /* UADefaultMessageCenter.h */,
				CCDD0C0A1CC01B4E00467979 /* UADefaultMessageCenterListCell.h */,
				CCDD0C0B1CC01B4E00467979 /* UADefaultMessageCenterListViewController.h */,
				CCDD0C0C1CC01B4E00467979 /* UADefaultMessageCenterMessageViewController.h */,
				CCDD0C0D1CC01B4E00467979 /* UADefaultMessageCenterSplitViewController.h */,
				CCDD0C0E1CC01B4E00467979 /* UADefaultMessageCenterStyle.h */,
				CCDD0C0F1CC01B4E00467979 /* UADisplayInboxAction.h */,
				CCDD0C101CC01B4E00467979 /* UADisposable.h */,
				CCDD0C111CC01B4E00467979 /* UAEvent.h */,
				CCDD0C121CC01B4E00467979 /* UAGlobal.h */,
				CCDD0C131CC01B4E00467979 /* UAInAppMessage.h */,
				CCDD0C141CC01B4E00467979 /* UAInAppMessageButtonActionBinding.h */,
				CCDD0C151CC01B4E00467979 /* UAInAppMessageControllerDefaultDelegate.h */,
				CCDD0C161CC01B4E00467979 /* UAInAppMessageControllerDelegate.h */,
				CCDD0C171CC01B4E00467979 /* UAInAppMessageView.h */,
				CCDD0C181CC01B4E00467979 /* UAInAppMessaging.h */,
				CCDD0C191CC01B4E00467979 /* UAIncomingInAppMessageAction.h */,
				CCDD0C1A1CC01B4E00467979 /* UAInstallAttributionEvent.h */,
				CCDD0C1B1CC01B4E00467979 /* UAirship.h */,
				CCDD0C1C1CC01B4E00467979 /* UAJavaScriptDelegate.h */,
				CCDD0C1D1CC01B4E00467979 /* UALandingPageOverlayController.h */,
				CCDD0C1E1CC01B4E00467979 /* UALocationCommonValues.h */,
				CCDD0C1F1CC01B4E00467979 /* UALocationEvent.h */,
				CCDD0C201CC01B4E00467979 /* UALocationProviderDelegate.h */,
				CCDD0C211CC01B4E00467979 /* UALocationProviderProtocol.h */,
				CCDD0C221CC01B4E00467979 /* UALocationService.h */,
				CCDD0C231CC01B4E00467979 /* UAMessageCenterDateUtils.h */,
				CCDD0C241CC01B4E00467979 /* UAMessageCenterLocalization.h */,
				CCDD0C251CC01B4E00467979 /* UAModifyTagsAction.h */,
				CCDD0C261CC01B4E00467979 /* UAOpenExternalURLAction.h */,
				CCDD0C271CC01B4E00467979 /* UAOverlayInboxMessageAction.h */,
				CCDD0C281CC01B4E00467979 /* UAPasteboardAction.h */,
				CCDD0C291CC01B4E00467979 /* UAProximityRegion.h */,
				CCDD0C2A1CC01B4E00467979 /* UARegionEvent.h */,
				CCDD0C2B1CC01B4E00467979 /* UARemoveTagsAction.h */,
				CCDD0C2C1CC01B4E00467979 /* UARichContentWindow.h */,
				CCDD0C2D1CC01B4E00467979 /* UAShareAction.h */,
				CCDD0C2E1CC01B4E00467979 /* UASignificantChangeProvider.h */,
				CCDD0C2F1CC01B4E00467979 /* UAStandardLocationProvider.h */,
				CCDD0C301CC01B4E00467979 /* UATagUtils.h */,
				CCDD0C311CC01B4E00467979 /* UAURLProtocol.h */,
				CCDD0C321CC01B4E00467979 /* UAUser.h */,
				CCDD0C331CC01B4E00467979 /* UAUserAPIClient.h */,
				CCDD0C341CC01B4E00467979 /* UAUtils.h */,
				CCDD0C351CC01B4E00467979 /* UAWalletAction.h */,
				CCDD0C361CC01B4E00467979 /* UAWebViewCallData.h */,
				CCDD0C371CC01B4E00467979 /* UAWebViewDelegate.h */,
				CCDD0C381CC01B4E00467979 /* UAWhitelist.h */,
				CCDD0C391CC01B4E00467979 /* UIWebView+UAAdditions.h */,
			);
			path = Common;
			sourceTree = "<group>";
		};
		CCDD0BEC1CC01B4E00467979 /* JS */ = {
			isa = PBXGroup;
			children = (
				CCDD0BED1CC01B4E00467979 /* UANativeBridge.h */,
			);
			path = JS;
			sourceTree = "<group>";
		};
		CCDD0BEE1CC01B4E00467979 /* LandingPages */ = {
			isa = PBXGroup;
			children = (
				CCDD0BEF1CC01B4E00467979 /* UALandingPageAction.h */,
			);
			path = LandingPages;
			sourceTree = "<group>";
		};
		CCDD0C3A1CC01B4E00467979 /* External */ = {
			isa = PBXGroup;
			children = (
				CCDD0C3B1CC01B4E00467979 /* UA_Base64.h */,
			);
			path = External;
			sourceTree = "<group>";
		};
		CCDD0C3C1CC01B4E00467979 /* Inbox */ = {
			isa = PBXGroup;
			children = (
				CCDD0C3D1CC01B4E00467979 /* UAInbox.h */,
				CCDD0C3E1CC01B4E00467979 /* UAInboxMessage.h */,
				CCDD0C3F1CC01B4E00467979 /* UAInboxMessageList.h */,
				CCDD0C401CC01B4E00467979 /* UAInboxUtils.h */,
			);
			path = Inbox;
			sourceTree = "<group>";
		};
		CCDD0C421CC01B4E00467979 /* Push */ = {
			isa = PBXGroup;
			children = (
				CCDD0C431CC01B4E00467979 /* UAChannelRegistrar.h */,
				CCDD0C441CC01B4E00467979 /* UAMutableUserNotificationAction.h */,
				CCDD0C451CC01B4E00467979 /* UAMutableUserNotificationCategory.h */,
				CCDD0C461CC01B4E00467979 /* UANamedUser.h */,
				CCDD0C471CC01B4E00467979 /* UAPush.h */,
				CCDD0C481CC01B4E00467979 /* UAUserNotificationAction.h */,
				CCDD0C491CC01B4E00467979 /* UAUserNotificationCategories.h */,
				CCDD0C4A1CC01B4E00467979 /* UAUserNotificationCategory.h */,
			);
			path = Push;
			sourceTree = "<group>";
		};
/* End PBXGroup section */

/* Begin PBXHeadersBuildPhase section */
		D2AAC07A0554694100DB518D /* Headers */ = {
			isa = PBXHeadersBuildPhase;
			buildActionMask = 2147483647;
			files = (
				CCDD0C7B1CC01B4E00467979 /* UALandingPageOverlayController.h in Headers */,
				CCDD0C761CC01B4E00467979 /* UAInAppMessaging.h in Headers */,
				AA747D9F0F9514B9006C5449 /* ComUrbanairship_Prefix.pch in Headers */,
				CCDD0C981CC01B4E00467979 /* UA_Base64.h in Headers */,
				CCDD0C951CC01B4E00467979 /* UAWebViewDelegate.h in Headers */,
				CCDD0C9C1CC01B4E00467979 /* UAInboxUtils.h in Headers */,
				CCDD0C7E1CC01B4E00467979 /* UALocationProviderDelegate.h in Headers */,
				CCDD0C961CC01B4E00467979 /* UAWhitelist.h in Headers */,
				CCDD0C501CC01B4E00467979 /* NSString+UAURLEncoding.h in Headers */,
				CCDD0C511CC01B4E00467979 /* UAAction+Operators.h in Headers */,
				CCDD0C9B1CC01B4E00467979 /* UAInboxMessageList.h in Headers */,
				CCDD0C5E1CC01B4E00467979 /* UAApplicationMetrics.h in Headers */,
				CCDD0C651CC01B4E00467979 /* UAConfig.h in Headers */,
				CCDD0CA01CC01B4E00467979 /* UAMutableUserNotificationCategory.h in Headers */,
				CCDD0C611CC01B4E00467979 /* UABespokeCloseView.h in Headers */,
				CCDD0C661CC01B4E00467979 /* UACustomEvent.h in Headers */,
				CCDD0C6F1CC01B4E00467979 /* UAEvent.h in Headers */,
				CCDD0C5B1CC01B4E00467979 /* UAAddTagsAction.h in Headers */,
				CCDD0C841CC01B4E00467979 /* UAOpenExternalURLAction.h in Headers */,
				CCDD0C4E1CC01B4E00467979 /* NSJSONSerialization+UAAdditions.h in Headers */,
				CCDD0C4D1CC01B4E00467979 /* UALandingPageAction.h in Headers */,
				CCDD0C6D1CC01B4E00467979 /* UADisplayInboxAction.h in Headers */,
				CCDD0C561CC01B4E00467979 /* UAActionRegistryEntry.h in Headers */,
				CCDD0C741CC01B4E00467979 /* UAInAppMessageControllerDelegate.h in Headers */,
				CCDD0C991CC01B4E00467979 /* UAInbox.h in Headers */,
				CCDD0C6C1CC01B4E00467979 /* UADefaultMessageCenterStyle.h in Headers */,
				CCDD0C4B1CC01B4E00467979 /* AirshipLib.h in Headers */,
				CCDD0C6A1CC01B4E00467979 /* UADefaultMessageCenterMessageViewController.h in Headers */,
				24DD6CF91134B3F500162E58 /* ComUrbanairshipModule.h in Headers */,
				CCDD0C751CC01B4E00467979 /* UAInAppMessageView.h in Headers */,
				CCDD0C7A1CC01B4E00467979 /* UAJavaScriptDelegate.h in Headers */,
				CCDD0C8E1CC01B4E00467979 /* UATagUtils.h in Headers */,
				CCDD0C4F1CC01B4E00467979 /* NSString+UALocalizationAdditions.h in Headers */,
				CCDD0C8C1CC01B4E00467979 /* UASignificantChangeProvider.h in Headers */,
				CCDD0C911CC01B4E00467979 /* UAUserAPIClient.h in Headers */,
				CCDD0C701CC01B4E00467979 /* UAGlobal.h in Headers */,
				CCDD0C921CC01B4E00467979 /* UAUtils.h in Headers */,
				CCDD0C8D1CC01B4E00467979 /* UAStandardLocationProvider.h in Headers */,
				CCDD0C811CC01B4E00467979 /* UAMessageCenterDateUtils.h in Headers */,
				CCDD0C5F1CC01B4E00467979 /* UAAssociatedIdentifiers.h in Headers */,
				CCDD0C721CC01B4E00467979 /* UAInAppMessageButtonActionBinding.h in Headers */,
				CCDD0C971CC01B4E00467979 /* UIWebView+UAAdditions.h in Headers */,
				CCDD0C861CC01B4E00467979 /* UAPasteboardAction.h in Headers */,
				CCDD0C7D1CC01B4E00467979 /* UALocationEvent.h in Headers */,
				CCDD0C671CC01B4E00467979 /* UADefaultMessageCenter.h in Headers */,
				CCDD0C771CC01B4E00467979 /* UAIncomingInAppMessageAction.h in Headers */,
				CCDD0C8A1CC01B4E00467979 /* UARichContentWindow.h in Headers */,
				CCDD0C7F1CC01B4E00467979 /* UALocationProviderProtocol.h in Headers */,
				CCDD0CA21CC01B4E00467979 /* UAPush.h in Headers */,
				CCDD0C6B1CC01B4E00467979 /* UADefaultMessageCenterSplitViewController.h in Headers */,
				CCDD0C571CC01B4E00467979 /* UAActionResult.h in Headers */,
				CCDD0C591CC01B4E00467979 /* UAActivityViewController.h in Headers */,
				CCDD0C931CC01B4E00467979 /* UAWalletAction.h in Headers */,
				CCDD0C9A1CC01B4E00467979 /* UAInboxMessage.h in Headers */,
				CCDD0C691CC01B4E00467979 /* UADefaultMessageCenterListViewController.h in Headers */,
				CCDD0C901CC01B4E00467979 /* UAUser.h in Headers */,
				CCDD0C521CC01B4E00467979 /* UAAction.h in Headers */,
				CCDD0CA31CC01B4E00467979 /* UAUserNotificationAction.h in Headers */,
				CCDD0C891CC01B4E00467979 /* UARemoveTagsAction.h in Headers */,
				CCDD0C881CC01B4E00467979 /* UARegionEvent.h in Headers */,
				CCDD0C551CC01B4E00467979 /* UAActionRegistry.h in Headers */,
				CCDD0C4C1CC01B4E00467979 /* UANativeBridge.h in Headers */,
				CCDD0C5D1CC01B4E00467979 /* UAAnalytics.h in Headers */,
				CCDD0C941CC01B4E00467979 /* UAWebViewCallData.h in Headers */,
				CCDD0C711CC01B4E00467979 /* UAInAppMessage.h in Headers */,
				CCDD0C831CC01B4E00467979 /* UAModifyTagsAction.h in Headers */,
				CCDD0C781CC01B4E00467979 /* UAInstallAttributionEvent.h in Headers */,
				CCDD0C9E1CC01B4E00467979 /* UAChannelRegistrar.h in Headers */,
				CCDD0C581CC01B4E00467979 /* UAActionRunner.h in Headers */,
				CCDD0C5C1CC01B4E00467979 /* UAAggregateActionResult.h in Headers */,
				CCDD0CA41CC01B4E00467979 /* UAUserNotificationCategories.h in Headers */,
				CCDD0C641CC01B4E00467979 /* UACircularRegion.h in Headers */,
				CCDD0C541CC01B4E00467979 /* UAActionJSDelegate.h in Headers */,
				CCDD0C681CC01B4E00467979 /* UADefaultMessageCenterListCell.h in Headers */,
				CCDD0C8F1CC01B4E00467979 /* UAURLProtocol.h in Headers */,
				CCDD0C791CC01B4E00467979 /* UAirship.h in Headers */,
				24DE9E1111C5FE74003F90F6 /* ComUrbanairshipModuleAssets.h in Headers */,
				CCDD0C531CC01B4E00467979 /* UAActionArguments.h in Headers */,
				CCDD0CA51CC01B4E00467979 /* UAUserNotificationCategory.h in Headers */,
				CCDD0C601CC01B4E00467979 /* UABaseLocationProvider.h in Headers */,
				CCDD0C7C1CC01B4E00467979 /* UALocationCommonValues.h in Headers */,
				CCDD0C851CC01B4E00467979 /* UAOverlayInboxMessageAction.h in Headers */,
				CCDD0CAD1CC0424400467979 /* ComUrbanairshipAutopilot.h in Headers */,
				CCDD0C871CC01B4E00467979 /* UAProximityRegion.h in Headers */,
				CCDD0C5A1CC01B4E00467979 /* UAAddCustomEventAction.h in Headers */,
				CCDD0C621CC01B4E00467979 /* UABeveledLoadingIndicator.h in Headers */,
				CCDD0C631CC01B4E00467979 /* UAChannelCapture.h in Headers */,
				CCDD0C801CC01B4E00467979 /* UALocationService.h in Headers */,
				CCDD0C8B1CC01B4E00467979 /* UAShareAction.h in Headers */,
				CCDD0C731CC01B4E00467979 /* UAInAppMessageControllerDefaultDelegate.h in Headers */,
				CCDD0C6E1CC01B4E00467979 /* UADisposable.h in Headers */,
				CCDD0C821CC01B4E00467979 /* UAMessageCenterLocalization.h in Headers */,
				CCDD0CA11CC01B4E00467979 /* UANamedUser.h in Headers */,
				CCDD0C9F1CC01B4E00467979 /* UAMutableUserNotificationAction.h in Headers */,
			);
			runOnlyForDeploymentPostprocessing = 0;
		};
/* End PBXHeadersBuildPhase section */

/* Begin PBXNativeTarget section */
		D2AAC07D0554694100DB518D /* UrbanAirship */ = {
			isa = PBXNativeTarget;
			buildConfigurationList = 1DEB921E08733DC00010E9CD /* Build configuration list for PBXNativeTarget "UrbanAirship" */;
			buildPhases = (
				D2AAC07A0554694100DB518D /* Headers */,
				D2AAC07B0554694100DB518D /* Sources */,
				D2AAC07C0554694100DB518D /* Frameworks */,
				CCDD0CA91CC02AEA00467979 /* Resources */,
			);
			buildRules = (
			);
			dependencies = (
			);
			name = UrbanAirship;
			productName = UrbanAirship;
			productReference = D2AAC07E0554694100DB518D /* libComUrbanairship.a */;
			productType = "com.apple.product-type.library.static";
		};
/* End PBXNativeTarget section */

/* Begin PBXProject section */
		0867D690FE84028FC02AAC07 /* Project object */ = {
			isa = PBXProject;
			attributes = {
				LastUpgradeCheck = 0600;
			};
			buildConfigurationList = 1DEB922208733DC00010E9CD /* Build configuration list for PBXProject "UrbanAirship" */;
			compatibilityVersion = "Xcode 3.2";
			developmentRegion = English;
			hasScannedForEncodings = 1;
			knownRegions = (
				English,
				Japanese,
				French,
				German,
			);
			mainGroup = 0867D691FE84028FC02AAC07 /* UrbanAirship */;
			productRefGroup = 034768DFFF38A50411DB9C8B /* Products */;
			projectDirPath = "";
			projectRoot = "";
			targets = (
				D2AAC07D0554694100DB518D /* UrbanAirship */,
				24416B8111C4CA220047AFDD /* Build & Test */,
			);
		};
/* End PBXProject section */

/* Begin PBXResourcesBuildPhase section */
		CCDD0CA91CC02AEA00467979 /* Resources */ = {
			isa = PBXResourcesBuildPhase;
			buildActionMask = 2147483647;
			files = (
			);
			runOnlyForDeploymentPostprocessing = 0;
		};
/* End PBXResourcesBuildPhase section */

/* Begin PBXShellScriptBuildPhase section */
		24416B8011C4CA220047AFDD /* ShellScript */ = {
			isa = PBXShellScriptBuildPhase;
			buildActionMask = 2147483647;
			files = (
			);
			inputPaths = (
			);
			outputPaths = (
			);
			runOnlyForDeploymentPostprocessing = 0;
			shellPath = /bin/sh;
			shellScript = "# shell script goes here\n\npython \"${TITANIUM_SDK}/titanium.py\" run --dir=\"${PROJECT_DIR}\"\nexit $?\n";
		};
/* End PBXShellScriptBuildPhase section */

/* Begin PBXSourcesBuildPhase section */
		D2AAC07B0554694100DB518D /* Sources */ = {
			isa = PBXSourcesBuildPhase;
			buildActionMask = 2147483647;
			files = (
				24DD6CFA1134B3F500162E58 /* ComUrbanairshipModule.m in Sources */,
				24DE9E1211C5FE74003F90F6 /* ComUrbanairshipModuleAssets.m in Sources */,
				CCDD0CAE1CC0424400467979 /* ComUrbanairshipAutopilot.m in Sources */,
			);
			runOnlyForDeploymentPostprocessing = 0;
		};
/* End PBXSourcesBuildPhase section */

/* Begin PBXTargetDependency section */
		24416B8511C4CA280047AFDD /* PBXTargetDependency */ = {
			isa = PBXTargetDependency;
			target = D2AAC07D0554694100DB518D /* UrbanAirship */;
			targetProxy = 24416B8411C4CA280047AFDD /* PBXContainerItemProxy */;
		};
/* End PBXTargetDependency section */

/* Begin XCBuildConfiguration section */
		1DEB921F08733DC00010E9CD /* Debug */ = {
			isa = XCBuildConfiguration;
			baseConfigurationReference = 24DD6D1B1134B66800162E58 /* titanium.xcconfig */;
			buildSettings = {
				CODE_SIGN_IDENTITY = "iPhone Developer";
				"CODE_SIGN_IDENTITY[sdk=iphoneos*]" = "iPhone Developer";
				DSTROOT = /tmp/ComUrbanairship.dst;
				GCC_C_LANGUAGE_STANDARD = c99;
				GCC_OPTIMIZATION_LEVEL = 0;
				GCC_PRECOMPILE_PREFIX_HEADER = YES;
				GCC_PREFIX_HEADER = ComUrbanairship_Prefix.pch;
				GCC_PREPROCESSOR_DEFINITIONS = "TI_VERSION=$(TI_VERSION)";
				GCC_TREAT_WARNINGS_AS_ERRORS = NO;
				GCC_VERSION = "";
				GCC_WARN_ABOUT_RETURN_TYPE = NO;
				GCC_WARN_MISSING_PARENTHESES = NO;
				GCC_WARN_SHADOW = NO;
				GCC_WARN_STRICT_SELECTOR_MATCH = NO;
				GCC_WARN_UNUSED_FUNCTION = YES;
				GCC_WARN_UNUSED_PARAMETER = NO;
				GCC_WARN_UNUSED_VALUE = NO;
				GCC_WARN_UNUSED_VARIABLE = NO;
				INSTALL_PATH = /usr/local/lib;
				IPHONEOS_DEPLOYMENT_TARGET = 6.0;
				LIBRARY_SEARCH_PATHS = "$(PROJECT_DIR)/Airship";
				OTHER_CFLAGS = (
					"-DDEBUG",
					"-DTI_POST_1_2",
				);
				OTHER_LDFLAGS = "-ObjC";
				PRODUCT_NAME = ComUrbanairship;
				PROVISIONING_PROFILE = "";
				"PROVISIONING_PROFILE[sdk=iphoneos*]" = "";
				RUN_CLANG_STATIC_ANALYZER = NO;
				SDKROOT = iphoneos;
				USER_HEADER_SEARCH_PATHS = "";
			};
			name = Debug;
		};
		1DEB922008733DC00010E9CD /* Release */ = {
			isa = XCBuildConfiguration;
			baseConfigurationReference = 24DD6D1B1134B66800162E58 /* titanium.xcconfig */;
			buildSettings = {
				ALWAYS_SEARCH_USER_PATHS = NO;
				DSTROOT = /tmp/ComUrbanairship.dst;
				GCC_C_LANGUAGE_STANDARD = c99;
				GCC_MODEL_TUNING = G5;
				GCC_PRECOMPILE_PREFIX_HEADER = YES;
				GCC_PREFIX_HEADER = ComUrbanairship_Prefix.pch;
				GCC_PREPROCESSOR_DEFINITIONS = "TI_VERSION=$(TI_VERSION)";
				GCC_TREAT_WARNINGS_AS_ERRORS = NO;
				GCC_VERSION = "";
				GCC_WARN_ABOUT_RETURN_TYPE = NO;
				GCC_WARN_MISSING_PARENTHESES = NO;
				GCC_WARN_SHADOW = NO;
				GCC_WARN_STRICT_SELECTOR_MATCH = NO;
				GCC_WARN_UNUSED_FUNCTION = YES;
				GCC_WARN_UNUSED_PARAMETER = NO;
				GCC_WARN_UNUSED_VALUE = NO;
				GCC_WARN_UNUSED_VARIABLE = NO;
				INSTALL_PATH = /usr/local/lib;
				IPHONEOS_DEPLOYMENT_TARGET = 6.0;
				LIBRARY_SEARCH_PATHS = "$(PROJECT_DIR)/Airship";
				OTHER_CFLAGS = "-DTI_POST_1_2";
				OTHER_LDFLAGS = "-ObjC";
				PRODUCT_NAME = ComUrbanairship;
				RUN_CLANG_STATIC_ANALYZER = NO;
				SDKROOT = iphoneos;
				USER_HEADER_SEARCH_PATHS = "";
			};
			name = Release;
		};
		1DEB922308733DC00010E9CD /* Debug */ = {
			isa = XCBuildConfiguration;
			baseConfigurationReference = 24DD6D1B1134B66800162E58 /* titanium.xcconfig */;
			buildSettings = {
				CLANG_CXX_LIBRARY = "libstdc++";
				CODE_SIGN_IDENTITY = "iPhone Developer";
				"CODE_SIGN_IDENTITY[sdk=iphoneos*]" = "iPhone Developer";
				DSTROOT = /tmp/ComUrbanairship.dst;
				GCC_C_LANGUAGE_STANDARD = c99;
				GCC_OPTIMIZATION_LEVEL = 0;
				GCC_PRECOMPILE_PREFIX_HEADER = YES;
				GCC_PREFIX_HEADER = ComUrbanairship_Prefix.pch;
				GCC_PREPROCESSOR_DEFINITIONS = "TI_VERSION=$(TI_VERSION)";
				GCC_TREAT_WARNINGS_AS_ERRORS = NO;
				GCC_VERSION = "";
				GCC_WARN_ABOUT_RETURN_TYPE = NO;
				GCC_WARN_MISSING_PARENTHESES = NO;
				GCC_WARN_SHADOW = NO;
				GCC_WARN_STRICT_SELECTOR_MATCH = NO;
				GCC_WARN_UNUSED_FUNCTION = YES;
				GCC_WARN_UNUSED_PARAMETER = NO;
				GCC_WARN_UNUSED_VALUE = NO;
				GCC_WARN_UNUSED_VARIABLE = NO;
				INSTALL_PATH = /usr/local/lib;
				ONLY_ACTIVE_ARCH = YES;
				OTHER_CFLAGS = (
					"-DDEBUG",
					"-DTI_POST_1_2",
				);
				OTHER_LDFLAGS = "-ObjC";
				PRODUCT_NAME = ComUrbanairship;
				PROVISIONING_PROFILE = "";
				"PROVISIONING_PROFILE[sdk=iphoneos*]" = "";
				RUN_CLANG_STATIC_ANALYZER = NO;
				SDKROOT = iphoneos;
				USER_HEADER_SEARCH_PATHS = "";
			};
			name = Debug;
		};
		1DEB922408733DC00010E9CD /* Release */ = {
			isa = XCBuildConfiguration;
			baseConfigurationReference = 24DD6D1B1134B66800162E58 /* titanium.xcconfig */;
			buildSettings = {
				ALWAYS_SEARCH_USER_PATHS = NO;
				CLANG_CXX_LIBRARY = "libstdc++";
				DSTROOT = /tmp/ComUrbanairship.dst;
				GCC_C_LANGUAGE_STANDARD = c99;
				GCC_MODEL_TUNING = G5;
				GCC_PRECOMPILE_PREFIX_HEADER = YES;
				GCC_PREFIX_HEADER = ComUrbanairship_Prefix.pch;
				GCC_PREPROCESSOR_DEFINITIONS = "TI_VERSION=$(TI_VERSION)";
				GCC_TREAT_WARNINGS_AS_ERRORS = NO;
				GCC_VERSION = "";
				GCC_WARN_ABOUT_RETURN_TYPE = NO;
				GCC_WARN_MISSING_PARENTHESES = NO;
				GCC_WARN_SHADOW = NO;
				GCC_WARN_STRICT_SELECTOR_MATCH = NO;
				GCC_WARN_UNUSED_FUNCTION = YES;
				GCC_WARN_UNUSED_PARAMETER = NO;
				GCC_WARN_UNUSED_VALUE = NO;
				GCC_WARN_UNUSED_VARIABLE = NO;
				INSTALL_PATH = /usr/local/lib;
				IPHONEOS_DEPLOYMENT_TARGET = 6.0;
				OTHER_CFLAGS = "-DTI_POST_1_2";
				OTHER_LDFLAGS = "-ObjC";
				PRODUCT_NAME = ComUrbanairship;
				RUN_CLANG_STATIC_ANALYZER = NO;
				SDKROOT = iphoneos;
				USER_HEADER_SEARCH_PATHS = "";
			};
			name = Release;
		};
		24416B8211C4CA220047AFDD /* Debug */ = {
			isa = XCBuildConfiguration;
			baseConfigurationReference = 24DD6D1B1134B66800162E58 /* titanium.xcconfig */;
			buildSettings = {
				COPY_PHASE_STRIP = NO;
				GCC_DYNAMIC_NO_PIC = NO;
				GCC_OPTIMIZATION_LEVEL = 0;
				PRODUCT_NAME = "Build & test";
			};
			name = Debug;
		};
		24416B8311C4CA220047AFDD /* Release */ = {
			isa = XCBuildConfiguration;
			baseConfigurationReference = 24DD6D1B1134B66800162E58 /* titanium.xcconfig */;
			buildSettings = {
				COPY_PHASE_STRIP = YES;
				DEBUG_INFORMATION_FORMAT = "dwarf-with-dsym";
				GCC_ENABLE_FIX_AND_CONTINUE = NO;
				PRODUCT_NAME = "Build & test";
				ZERO_LINK = NO;
			};
			name = Release;
		};
/* End XCBuildConfiguration section */

/* Begin XCConfigurationList section */
		1DEB921E08733DC00010E9CD /* Build configuration list for PBXNativeTarget "UrbanAirship" */ = {
			isa = XCConfigurationList;
			buildConfigurations = (
				1DEB921F08733DC00010E9CD /* Debug */,
				1DEB922008733DC00010E9CD /* Release */,
			);
			defaultConfigurationIsVisible = 0;
			defaultConfigurationName = Release;
		};
		1DEB922208733DC00010E9CD /* Build configuration list for PBXProject "UrbanAirship" */ = {
			isa = XCConfigurationList;
			buildConfigurations = (
				1DEB922308733DC00010E9CD /* Debug */,
				1DEB922408733DC00010E9CD /* Release */,
			);
			defaultConfigurationIsVisible = 0;
			defaultConfigurationName = Release;
		};
		24416B8A11C4CA520047AFDD /* Build configuration list for PBXAggregateTarget "Build & Test" */ = {
			isa = XCConfigurationList;
			buildConfigurations = (
				24416B8211C4CA220047AFDD /* Debug */,
				24416B8311C4CA220047AFDD /* Release */,
			);
			defaultConfigurationIsVisible = 0;
			defaultConfigurationName = Release;
		};
/* End XCConfigurationList section */
	};
	rootObject = 0867D690FE84028FC02AAC07 /* Project object */;
}
